Microsoft Visual Studio Solution File, Format Version 11.00
# Visual Studio 2010
Project("{8BC9CEB8-8B4A-11D0-8D11-00A0C91BC942}") = "prep", "appweb-windows-static\prep.vcxproj", "{3496E777-894E-4E17-B695-9E47DCAEAB81}"
	ProjectSection(ProjectDependencies) = postProject
		{3496E777-894E-4E17-B695-9E47DCAEAB81} = {3496E777-894E-4E17-B695-9E47DCAEAB81}
	EndProjectSection
EndProject
Project("{8BC9CEB8-8B4A-11D0-8D11-00A0C91BC942}") = "libmpr", "appweb-windows-static\libmpr.vcxproj", "{151EB8A5-3D1A-49A1-A742-3981CAD271B5}"
	ProjectSection(ProjectDependencies) = postProject
		{3496E777-894E-4E17-B695-9E47DCAEAB81} = {3496E777-894E-4E17-B695-9E47DCAEAB81}
	EndProjectSection
	ProjectSection(ProjectDependencies) = postProject
		{29800C01-364D-4C0C-8E59-095506F11188} = {29800C01-364D-4C0C-8E59-095506F11188}
	EndProjectSection
	ProjectSection(ProjectDependencies) = postProject
		{0717607D-1B1F-4A31-9677-331C2C024706} = {0717607D-1B1F-4A31-9677-331C2C024706}
	EndProjectSection
	ProjectSection(ProjectDependencies) = postProject
		{151EB8A5-3D1A-49A1-A742-3981CAD271B5} = {151EB8A5-3D1A-49A1-A742-3981CAD271B5}
	EndProjectSection
EndProject
Project("{8BC9CEB8-8B4A-11D0-8D11-00A0C91BC942}") = "libpcre", "appweb-windows-static\libpcre.vcxproj", "{3AEEC68B-3DAA-4809-987F-1B4635509DFA}"
	ProjectSection(ProjectDependencies) = postProject
		{3496E777-894E-4E17-B695-9E47DCAEAB81} = {3496E777-894E-4E17-B695-9E47DCAEAB81}
	EndProjectSection
	ProjectSection(ProjectDependencies) = postProject
		{3AEEC68B-3DAA-4809-987F-1B4635509DFA} = {3AEEC68B-3DAA-4809-987F-1B4635509DFA}
	EndProjectSection
EndProject
Project("{8BC9CEB8-8B4A-11D0-8D11-00A0C91BC942}") = "libhttp", "appweb-windows-static\libhttp.vcxproj", "{7F70758C-9D3B-44C4-914D-41BC5D4D1C6C}"
	ProjectSection(ProjectDependencies) = postProject
		{3496E777-894E-4E17-B695-9E47DCAEAB81} = {3496E777-894E-4E17-B695-9E47DCAEAB81}
	EndProjectSection
	ProjectSection(ProjectDependencies) = postProject
		{29800C01-364D-4C0C-8E59-095506F11188} = {29800C01-364D-4C0C-8E59-095506F11188}
	EndProjectSection
	ProjectSection(ProjectDependencies) = postProject
		{0717607D-1B1F-4A31-9677-331C2C024706} = {0717607D-1B1F-4A31-9677-331C2C024706}
	EndProjectSection
	ProjectSection(ProjectDependencies) = postProject
		{151EB8A5-3D1A-49A1-A742-3981CAD271B5} = {151EB8A5-3D1A-49A1-A742-3981CAD271B5}
	EndProjectSection
	ProjectSection(ProjectDependencies) = postProject
		{3AEEC68B-3DAA-4809-987F-1B4635509DFA} = {3AEEC68B-3DAA-4809-987F-1B4635509DFA}
	EndProjectSection
	ProjectSection(ProjectDependencies) = postProject
		{7F70758C-9D3B-44C4-914D-41BC5D4D1C6C} = {7F70758C-9D3B-44C4-914D-41BC5D4D1C6C}
	EndProjectSection
EndProject
Project("{8BC9CEB8-8B4A-11D0-8D11-00A0C91BC942}") = "libmpr-version", "appweb-windows-static\libmpr-version.vcxproj", "{CD77958C-0E30-4AD5-A47F-86DBA001D5F1}"
	ProjectSection(ProjectDependencies) = postProject
		{3496E777-894E-4E17-B695-9E47DCAEAB81} = {3496E777-894E-4E17-B695-9E47DCAEAB81}
	EndProjectSection
	ProjectSection(ProjectDependencies) = postProject
		{CD77958C-0E30-4AD5-A47F-86DBA001D5F1} = {CD77958C-0E30-4AD5-A47F-86DBA001D5F1}
	EndProjectSection
EndProject
Project("{8BC9CEB8-8B4A-11D0-8D11-00A0C91BC942}") = "libesp", "appweb-windows-static\libesp.vcxproj", "{8B0EAF47-8F85-4B5C-A2D5-BE39D1351E45}"
	ProjectSection(ProjectDependencies) = postProject
		{3496E777-894E-4E17-B695-9E47DCAEAB81} = {3496E777-894E-4E17-B695-9E47DCAEAB81}
	EndProjectSection
	ProjectSection(ProjectDependencies) = postProject
		{29800C01-364D-4C0C-8E59-095506F11188} = {29800C01-364D-4C0C-8E59-095506F11188}
	EndProjectSection
	ProjectSection(ProjectDependencies) = postProject
		{0717607D-1B1F-4A31-9677-331C2C024706} = {0717607D-1B1F-4A31-9677-331C2C024706}
	EndProjectSection
	ProjectSection(ProjectDependencies) = postProject
		{151EB8A5-3D1A-49A1-A742-3981CAD271B5} = {151EB8A5-3D1A-49A1-A742-3981CAD271B5}
	EndProjectSection
	ProjectSection(ProjectDependencies) = postProject
		{3AEEC68B-3DAA-4809-987F-1B4635509DFA} = {3AEEC68B-3DAA-4809-987F-1B4635509DFA}
	EndProjectSection
	ProjectSection(ProjectDependencies) = postProject
		{7F70758C-9D3B-44C4-914D-41BC5D4D1C6C} = {7F70758C-9D3B-44C4-914D-41BC5D4D1C6C}
	EndProjectSection
	ProjectSection(ProjectDependencies) = postProject
		{CD77958C-0E30-4AD5-A47F-86DBA001D5F1} = {CD77958C-0E30-4AD5-A47F-86DBA001D5F1}
	EndProjectSection
	ProjectSection(ProjectDependencies) = postProject
		{8B0EAF47-8F85-4B5C-A2D5-BE39D1351E45} = {8B0EAF47-8F85-4B5C-A2D5-BE39D1351E45}
	EndProjectSection
EndProject
Project("{8BC9CEB8-8B4A-11D0-8D11-00A0C91BC942}") = "libappweb", "appweb-windows-static\libappweb.vcxproj", "{2244BC9D-ECF0-45A5-B3D2-EC8E70DE6E44}"
	ProjectSection(ProjectDependencies) = postProject
		{3496E777-894E-4E17-B695-9E47DCAEAB81} = {3496E777-894E-4E17-B695-9E47DCAEAB81}
	EndProjectSection
	ProjectSection(ProjectDependencies) = postProject
		{29800C01-364D-4C0C-8E59-095506F11188} = {29800C01-364D-4C0C-8E59-095506F11188}
	EndProjectSection
	ProjectSection(ProjectDependencies) = postProject
		{0717607D-1B1F-4A31-9677-331C2C024706} = {0717607D-1B1F-4A31-9677-331C2C024706}
	EndProjectSection
	ProjectSection(ProjectDependencies) = postProject
		{151EB8A5-3D1A-49A1-A742-3981CAD271B5} = {151EB8A5-3D1A-49A1-A742-3981CAD271B5}
	EndProjectSection
	ProjectSection(ProjectDependencies) = postProject
		{3AEEC68B-3DAA-4809-987F-1B4635509DFA} = {3AEEC68B-3DAA-4809-987F-1B4635509DFA}
	EndProjectSection
	ProjectSection(ProjectDependencies) = postProject
		{7F70758C-9D3B-44C4-914D-41BC5D4D1C6C} = {7F70758C-9D3B-44C4-914D-41BC5D4D1C6C}
	EndProjectSection
	ProjectSection(ProjectDependencies) = postProject
		{CD77958C-0E30-4AD5-A47F-86DBA001D5F1} = {CD77958C-0E30-4AD5-A47F-86DBA001D5F1}
	EndProjectSection
	ProjectSection(ProjectDependencies) = postProject
		{8B0EAF47-8F85-4B5C-A2D5-BE39D1351E45} = {8B0EAF47-8F85-4B5C-A2D5-BE39D1351E45}
	EndProjectSection
	ProjectSection(ProjectDependencies) = postProject
		{2244BC9D-ECF0-45A5-B3D2-EC8E70DE6E44} = {2244BC9D-ECF0-45A5-B3D2-EC8E70DE6E44}
	EndProjectSection
EndProject
Project("{8BC9CEB8-8B4A-11D0-8D11-00A0C91BC942}") = "appweb", "appweb-windows-static\appweb.vcxproj", "{3930F2B8-535B-4CB2-9C3A-0E93E23399BE}"
	ProjectSection(ProjectDependencies) = postProject
		{3496E777-894E-4E17-B695-9E47DCAEAB81} = {3496E777-894E-4E17-B695-9E47DCAEAB81}
	EndProjectSection
	ProjectSection(ProjectDependencies) = postProject
		{29800C01-364D-4C0C-8E59-095506F11188} = {29800C01-364D-4C0C-8E59-095506F11188}
	EndProjectSection
	ProjectSection(ProjectDependencies) = postProject
		{0717607D-1B1F-4A31-9677-331C2C024706} = {0717607D-1B1F-4A31-9677-331C2C024706}
	EndProjectSection
	ProjectSection(ProjectDependencies) = postProject
		{151EB8A5-3D1A-49A1-A742-3981CAD271B5} = {151EB8A5-3D1A-49A1-A742-3981CAD271B5}
	EndProjectSection
	ProjectSection(ProjectDependencies) = postProject
		{3AEEC68B-3DAA-4809-987F-1B4635509DFA} = {3AEEC68B-3DAA-4809-987F-1B4635509DFA}
	EndProjectSection
	ProjectSection(ProjectDependencies) = postProject
		{7F70758C-9D3B-44C4-914D-41BC5D4D1C6C} = {7F70758C-9D3B-44C4-914D-41BC5D4D1C6C}
	EndProjectSection
	ProjectSection(ProjectDependencies) = postProject
		{CD77958C-0E30-4AD5-A47F-86DBA001D5F1} = {CD77958C-0E30-4AD5-A47F-86DBA001D5F1}
	EndProjectSection
	ProjectSection(ProjectDependencies) = postProject
		{8B0EAF47-8F85-4B5C-A2D5-BE39D1351E45} = {8B0EAF47-8F85-4B5C-A2D5-BE39D1351E45}
	EndProjectSection
	ProjectSection(ProjectDependencies) = postProject
		{2244BC9D-ECF0-45A5-B3D2-EC8E70DE6E44} = {2244BC9D-ECF0-45A5-B3D2-EC8E70DE6E44}
	EndProjectSection
	ProjectSection(ProjectDependencies) = postProject
		{3930F2B8-535B-4CB2-9C3A-0E93E23399BE} = {3930F2B8-535B-4CB2-9C3A-0E93E23399BE}
	EndProjectSection
EndProject
Project("{8BC9CEB8-8B4A-11D0-8D11-00A0C91BC942}") = "appwebMonitor", "appweb-windows-static\appwebMonitor.vcxproj", "{F7F9487B-018A-498D-B8D4-FA950AF1D6A2}"
	ProjectSection(ProjectDependencies) = postProject
		{3496E777-894E-4E17-B695-9E47DCAEAB81} = {3496E777-894E-4E17-B695-9E47DCAEAB81}
	EndProjectSection
	ProjectSection(ProjectDependencies) = postProject
		{29800C01-364D-4C0C-8E59-095506F11188} = {29800C01-364D-4C0C-8E59-095506F11188}
	EndProjectSection
	ProjectSection(ProjectDependencies) = postProject
		{0717607D-1B1F-4A31-9677-331C2C024706} = {0717607D-1B1F-4A31-9677-331C2C024706}
	EndProjectSection
	ProjectSection(ProjectDependencies) = postProject
		{151EB8A5-3D1A-49A1-A742-3981CAD271B5} = {151EB8A5-3D1A-49A1-A742-3981CAD271B5}
	EndProjectSection
	ProjectSection(ProjectDependencies) = postProject
		{3AEEC68B-3DAA-4809-987F-1B4635509DFA} = {3AEEC68B-3DAA-4809-987F-1B4635509DFA}
	EndProjectSection
	ProjectSection(ProjectDependencies) = postProject
		{7F70758C-9D3B-44C4-914D-41BC5D4D1C6C} = {7F70758C-9D3B-44C4-914D-41BC5D4D1C6C}
	EndProjectSection
	ProjectSection(ProjectDependencies) = postProject
		{CD77958C-0E30-4AD5-A47F-86DBA001D5F1} = {CD77958C-0E30-4AD5-A47F-86DBA001D5F1}
	EndProjectSection
	ProjectSection(ProjectDependencies) = postProject
		{8B0EAF47-8F85-4B5C-A2D5-BE39D1351E45} = {8B0EAF47-8F85-4B5C-A2D5-BE39D1351E45}
	EndProjectSection
	ProjectSection(ProjectDependencies) = postProject
		{2244BC9D-ECF0-45A5-B3D2-EC8E70DE6E44} = {2244BC9D-ECF0-45A5-B3D2-EC8E70DE6E44}
	EndProjectSection
	ProjectSection(ProjectDependencies) = postProject
		{F7F9487B-018A-498D-B8D4-FA950AF1D6A2} = {F7F9487B-018A-498D-B8D4-FA950AF1D6A2}
	EndProjectSection
EndProject
Project("{8BC9CEB8-8B4A-11D0-8D11-00A0C91BC942}") = "appwebMonitor.ico", "appweb-windows-static\appwebMonitor.ico.vcxproj", "{B16EE161-859C-46C5-B4D6-32DCFCB2720B}"
	ProjectSection(ProjectDependencies) = postProject
		{3496E777-894E-4E17-B695-9E47DCAEAB81} = {3496E777-894E-4E17-B695-9E47DCAEAB81}
	EndProjectSection
	ProjectSection(ProjectDependencies) = postProject
		{B16EE161-859C-46C5-B4D6-32DCFCB2720B} = {B16EE161-859C-46C5-B4D6-32DCFCB2720B}
	EndProjectSection
EndProject
Project("{8BC9CEB8-8B4A-11D0-8D11-00A0C91BC942}") = "authpass", "appweb-windows-static\authpass.vcxproj", "{BA4E6B36-E352-4CF4-839B-17F987061182}"
	ProjectSection(ProjectDependencies) = postProject
		{3496E777-894E-4E17-B695-9E47DCAEAB81} = {3496E777-894E-4E17-B695-9E47DCAEAB81}
	EndProjectSection
	ProjectSection(ProjectDependencies) = postProject
		{29800C01-364D-4C0C-8E59-095506F11188} = {29800C01-364D-4C0C-8E59-095506F11188}
	EndProjectSection
	ProjectSection(ProjectDependencies) = postProject
		{0717607D-1B1F-4A31-9677-331C2C024706} = {0717607D-1B1F-4A31-9677-331C2C024706}
	EndProjectSection
	ProjectSection(ProjectDependencies) = postProject
		{151EB8A5-3D1A-49A1-A742-3981CAD271B5} = {151EB8A5-3D1A-49A1-A742-3981CAD271B5}
	EndProjectSection
	ProjectSection(ProjectDependencies) = postProject
		{3AEEC68B-3DAA-4809-987F-1B4635509DFA} = {3AEEC68B-3DAA-4809-987F-1B4635509DFA}
	EndProjectSection
	ProjectSection(ProjectDependencies) = postProject
		{7F70758C-9D3B-44C4-914D-41BC5D4D1C6C} = {7F70758C-9D3B-44C4-914D-41BC5D4D1C6C}
	EndProjectSection
	ProjectSection(ProjectDependencies) = postProject
		{CD77958C-0E30-4AD5-A47F-86DBA001D5F1} = {CD77958C-0E30-4AD5-A47F-86DBA001D5F1}
	EndProjectSection
	ProjectSection(ProjectDependencies) = postProject
		{8B0EAF47-8F85-4B5C-A2D5-BE39D1351E45} = {8B0EAF47-8F85-4B5C-A2D5-BE39D1351E45}
	EndProjectSection
	ProjectSection(ProjectDependencies) = postProject
		{2244BC9D-ECF0-45A5-B3D2-EC8E70DE6E44} = {2244BC9D-ECF0-45A5-B3D2-EC8E70DE6E44}
	EndProjectSection
	ProjectSection(ProjectDependencies) = postProject
		{BA4E6B36-E352-4CF4-839B-17F987061182} = {BA4E6B36-E352-4CF4-839B-17F987061182}
	EndProjectSection
EndProject
Project("{8BC9CEB8-8B4A-11D0-8D11-00A0C91BC942}") = "espcmd", "appweb-windows-static\espcmd.vcxproj", "{239A3F11-4D9A-4F69-B991-1A572006ADF1}"
	ProjectSection(ProjectDependencies) = postProject
		{3496E777-894E-4E17-B695-9E47DCAEAB81} = {3496E777-894E-4E17-B695-9E47DCAEAB81}
	EndProjectSection
	ProjectSection(ProjectDependencies) = postProject
		{29800C01-364D-4C0C-8E59-095506F11188} = {29800C01-364D-4C0C-8E59-095506F11188}
	EndProjectSection
	ProjectSection(ProjectDependencies) = postProject
		{0717607D-1B1F-4A31-9677-331C2C024706} = {0717607D-1B1F-4A31-9677-331C2C024706}
	EndProjectSection
	ProjectSection(ProjectDependencies) = postProject
		{151EB8A5-3D1A-49A1-A742-3981CAD271B5} = {151EB8A5-3D1A-49A1-A742-3981CAD271B5}
	EndProjectSection
	ProjectSection(ProjectDependencies) = postProject
		{3AEEC68B-3DAA-4809-987F-1B4635509DFA} = {3AEEC68B-3DAA-4809-987F-1B4635509DFA}
	EndProjectSection
	ProjectSection(ProjectDependencies) = postProject
		{7F70758C-9D3B-44C4-914D-41BC5D4D1C6C} = {7F70758C-9D3B-44C4-914D-41BC5D4D1C6C}
	EndProjectSection
	ProjectSection(ProjectDependencies) = postProject
		{CD77958C-0E30-4AD5-A47F-86DBA001D5F1} = {CD77958C-0E30-4AD5-A47F-86DBA001D5F1}
	EndProjectSection
	ProjectSection(ProjectDependencies) = postProject
		{8B0EAF47-8F85-4B5C-A2D5-BE39D1351E45} = {8B0EAF47-8F85-4B5C-A2D5-BE39D1351E45}
	EndProjectSection
	ProjectSection(ProjectDependencies) = postProject
		{239A3F11-4D9A-4F69-B991-1A572006ADF1} = {239A3F11-4D9A-4F69-B991-1A572006ADF1}
	EndProjectSection
EndProject
Project("{8BC9CEB8-8B4A-11D0-8D11-00A0C91BC942}") = "extras", "appweb-windows-static\extras.vcxproj", "{9C5B6E38-EEA9-4760-884D-BF801942FEE1}"
	ProjectSection(ProjectDependencies) = postProject
		{3496E777-894E-4E17-B695-9E47DCAEAB81} = {3496E777-894E-4E17-B695-9E47DCAEAB81}
	EndProjectSection
	ProjectSection(ProjectDependencies) = postProject
		{9C5B6E38-EEA9-4760-884D-BF801942FEE1} = {9C5B6E38-EEA9-4760-884D-BF801942FEE1}
	EndProjectSection
EndProject
Project("{8BC9CEB8-8B4A-11D0-8D11-00A0C91BC942}") = "httpcmd", "appweb-windows-static\httpcmd.vcxproj", "{E303D7AD-EEE5-4627-8CFA-21A81FAE2012}"
	ProjectSection(ProjectDependencies) = postProject
		{3496E777-894E-4E17-B695-9E47DCAEAB81} = {3496E777-894E-4E17-B695-9E47DCAEAB81}
	EndProjectSection
	ProjectSection(ProjectDependencies) = postProject
		{29800C01-364D-4C0C-8E59-095506F11188} = {29800C01-364D-4C0C-8E59-095506F11188}
	EndProjectSection
	ProjectSection(ProjectDependencies) = postProject
		{0717607D-1B1F-4A31-9677-331C2C024706} = {0717607D-1B1F-4A31-9677-331C2C024706}
	EndProjectSection
	ProjectSection(ProjectDependencies) = postProject
		{151EB8A5-3D1A-49A1-A742-3981CAD271B5} = {151EB8A5-3D1A-49A1-A742-3981CAD271B5}
	EndProjectSection
	ProjectSection(ProjectDependencies) = postProject
		{3AEEC68B-3DAA-4809-987F-1B4635509DFA} = {3AEEC68B-3DAA-4809-987F-1B4635509DFA}
	EndProjectSection
	ProjectSection(ProjectDependencies) = postProject
		{7F70758C-9D3B-44C4-914D-41BC5D4D1C6C} = {7F70758C-9D3B-44C4-914D-41BC5D4D1C6C}
	EndProjectSection
	ProjectSection(ProjectDependencies) = postProject
		{E303D7AD-EEE5-4627-8CFA-21A81FAE2012} = {E303D7AD-EEE5-4627-8CFA-21A81FAE2012}
	EndProjectSection
EndProject
Project("{8BC9CEB8-8B4A-11D0-8D11-00A0C91BC942}") = "install-certs", "appweb-windows-static\install-certs.vcxproj", "{17FA7C49-E9FE-4C6F-B2A0-2623C5DFCC6F}"
	ProjectSection(ProjectDependencies) = postProject
		{3496E777-894E-4E17-B695-9E47DCAEAB81} = {3496E777-894E-4E17-B695-9E47DCAEAB81}
	EndProjectSection
	ProjectSection(ProjectDependencies) = postProject
		{17FA7C49-E9FE-4C6F-B2A0-2623C5DFCC6F} = {17FA7C49-E9FE-4C6F-B2A0-2623C5DFCC6F}
	EndProjectSection
EndProject
Project("{8BC9CEB8-8B4A-11D0-8D11-00A0C91BC942}") = "libmbedtls", "appweb-windows-static\libmbedtls.vcxproj", "{29800C01-364D-4C0C-8E59-095506F11188}"
	ProjectSection(ProjectDependencies) = postProject
		{3496E777-894E-4E17-B695-9E47DCAEAB81} = {3496E777-894E-4E17-B695-9E47DCAEAB81}
	EndProjectSection
	ProjectSection(ProjectDependencies) = postProject
		{29800C01-364D-4C0C-8E59-095506F11188} = {29800C01-364D-4C0C-8E59-095506F11188}
	EndProjectSection
EndProject
Project("{8BC9CEB8-8B4A-11D0-8D11-00A0C91BC942}") = "libmpr-mbedtls", "appweb-windows-static\libmpr-mbedtls.vcxproj", "{0717607D-1B1F-4A31-9677-331C2C024706}"
	ProjectSection(ProjectDependencies) = postProject
		{3496E777-894E-4E17-B695-9E47DCAEAB81} = {3496E777-894E-4E17-B695-9E47DCAEAB81}
	EndProjectSection
	ProjectSection(ProjectDependencies) = postProject
		{29800C01-364D-4C0C-8E59-095506F11188} = {29800C01-364D-4C0C-8E59-095506F11188}
	EndProjectSection
	ProjectSection(ProjectDependencies) = postProject
		{0717607D-1B1F-4A31-9677-331C2C024706} = {0717607D-1B1F-4A31-9677-331C2C024706}
	EndProjectSection
EndProject
Project("{8BC9CEB8-8B4A-11D0-8D11-00A0C91BC942}") = "makerom", "appweb-windows-static\makerom.vcxproj", "{99F9BCE2-44E4-4BCC-BAB5-132BB4E85679}"
	ProjectSection(ProjectDependencies) = postProject
		{3496E777-894E-4E17-B695-9E47DCAEAB81} = {3496E777-894E-4E17-B695-9E47DCAEAB81}
	EndProjectSection
	ProjectSection(ProjectDependencies) = postProject
		{29800C01-364D-4C0C-8E59-095506F11188} = {29800C01-364D-4C0C-8E59-095506F11188}
	EndProjectSection
	ProjectSection(ProjectDependencies) = postProject
		{0717607D-1B1F-4A31-9677-331C2C024706} = {0717607D-1B1F-4A31-9677-331C2C024706}
	EndProjectSection
	ProjectSection(ProjectDependencies) = postProject
		{151EB8A5-3D1A-49A1-A742-3981CAD271B5} = {151EB8A5-3D1A-49A1-A742-3981CAD271B5}
	EndProjectSection
	ProjectSection(ProjectDependencies) = postProject
		{99F9BCE2-44E4-4BCC-BAB5-132BB4E85679} = {99F9BCE2-44E4-4BCC-BAB5-132BB4E85679}
	EndProjectSection
EndProject
Project("{8BC9CEB8-8B4A-11D0-8D11-00A0C91BC942}") = "server-cache", "appweb-windows-static\server-cache.vcxproj", "{77EA9C6E-3B45-4AFC-9E0A-65FE7A5DB192}"
	ProjectSection(ProjectDependencies) = postProject
		{3496E777-894E-4E17-B695-9E47DCAEAB81} = {3496E777-894E-4E17-B695-9E47DCAEAB81}
	EndProjectSection
	ProjectSection(ProjectDependencies) = postProject
		{77EA9C6E-3B45-4AFC-9E0A-65FE7A5DB192} = {77EA9C6E-3B45-4AFC-9E0A-65FE7A5DB192}
	EndProjectSection
EndProject
Project("{8BC9CEB8-8B4A-11D0-8D11-00A0C91BC942}") = "watchdog", "appweb-windows-static\watchdog.vcxproj", "{A0664688-C6D6-49D4-AB13-50E444DF1381}"
	ProjectSection(ProjectDependencies) = postProject
		{3496E777-894E-4E17-B695-9E47DCAEAB81} = {3496E777-894E-4E17-B695-9E47DCAEAB81}
	EndProjectSection
	ProjectSection(ProjectDependencies) = postProject
		{29800C01-364D-4C0C-8E59-095506F11188} = {29800C01-364D-4C0C-8E59-095506F11188}
	EndProjectSection
	ProjectSection(ProjectDependencies) = postProject
		{0717607D-1B1F-4A31-9677-331C2C024706} = {0717607D-1B1F-4A31-9677-331C2C024706}
	EndProjectSection
	ProjectSection(ProjectDependencies) = postProject
		{151EB8A5-3D1A-49A1-A742-3981CAD271B5} = {151EB8A5-3D1A-49A1-A742-3981CAD271B5}
	EndProjectSection
	ProjectSection(ProjectDependencies) = postProject
		{A0664688-C6D6-49D4-AB13-50E444DF1381} = {A0664688-C6D6-49D4-AB13-50E444DF1381}
	EndProjectSection
EndProject

    Global
        GlobalSection(SolutionConfigurationPlatforms) = preSolution
            Debug|Win32 = Debug|Win32
            Debug|x64 = Debug|x64
            Release|Win32 = Release|Win32
            Release|x64 = Release|x64
        EndGlobalSection
        GlobalSection(ProjectConfigurationPlatforms) = postSolution
{3496E777-894E-4E17-B695-9E47DCAEAB81}.Debug|Win32.ActiveCfg = Debug|Win32
{3496E777-894E-4E17-B695-9E47DCAEAB81}.Debug|Win32.Build.0 = Debug|Win32
{3496E777-894E-4E17-B695-9E47DCAEAB81}.Debug|x64.ActiveCfg = Debug|x64
{3496E777-894E-4E17-B695-9E47DCAEAB81}.Debug|x64.Build.0 = Debug|x64
{3496E777-894E-4E17-B695-9E47DCAEAB81}.Release|Win32.ActiveCfg = Release|Win32
{3496E777-894E-4E17-B695-9E47DCAEAB81}.Release|Win32.Build.0 = Release|Win32
{3496E777-894E-4E17-B695-9E47DCAEAB81}.Release|x64.ActiveCfg = Release|x64
{3496E777-894E-4E17-B695-9E47DCAEAB81}.Release|x64.Build.0 = Release|x64
{151EB8A5-3D1A-49A1-A742-3981CAD271B5}.Debug|Win32.ActiveCfg = Debug|Win32
{151EB8A5-3D1A-49A1-A742-3981CAD271B5}.Debug|Win32.Build.0 = Debug|Win32
{151EB8A5-3D1A-49A1-A742-3981CAD271B5}.Debug|x64.ActiveCfg = Debug|x64
{151EB8A5-3D1A-49A1-A742-3981CAD271B5}.Debug|x64.Build.0 = Debug|x64
{151EB8A5-3D1A-49A1-A742-3981CAD271B5}.Release|Win32.ActiveCfg = Release|Win32
{151EB8A5-3D1A-49A1-A742-3981CAD271B5}.Release|Win32.Build.0 = Release|Win32
{151EB8A5-3D1A-49A1-A742-3981CAD271B5}.Release|x64.ActiveCfg = Release|x64
{151EB8A5-3D1A-49A1-A742-3981CAD271B5}.Release|x64.Build.0 = Release|x64
{3AEEC68B-3DAA-4809-987F-1B4635509DFA}.Debug|Win32.ActiveCfg = Debug|Win32
{3AEEC68B-3DAA-4809-987F-1B4635509DFA}.Debug|Win32.Build.0 = Debug|Win32
{3AEEC68B-3DAA-4809-987F-1B4635509DFA}.Debug|x64.ActiveCfg = Debug|x64
{3AEEC68B-3DAA-4809-987F-1B4635509DFA}.Debug|x64.Build.0 = Debug|x64
{3AEEC68B-3DAA-4809-987F-1B4635509DFA}.Release|Win32.ActiveCfg = Release|Win32
{3AEEC68B-3DAA-4809-987F-1B4635509DFA}.Release|Win32.Build.0 = Release|Win32
{3AEEC68B-3DAA-4809-987F-1B4635509DFA}.Release|x64.ActiveCfg = Release|x64
{3AEEC68B-3DAA-4809-987F-1B4635509DFA}.Release|x64.Build.0 = Release|x64
{7F70758C-9D3B-44C4-914D-41BC5D4D1C6C}.Debug|Win32.ActiveCfg = Debug|Win32
{7F70758C-9D3B-44C4-914D-41BC5D4D1C6C}.Debug|Win32.Build.0 = Debug|Win32
{7F70758C-9D3B-44C4-914D-41BC5D4D1C6C}.Debug|x64.ActiveCfg = Debug|x64
{7F70758C-9D3B-44C4-914D-41BC5D4D1C6C}.Debug|x64.Build.0 = Debug|x64
{7F70758C-9D3B-44C4-914D-41BC5D4D1C6C}.Release|Win32.ActiveCfg = Release|Win32
{7F70758C-9D3B-44C4-914D-41BC5D4D1C6C}.Release|Win32.Build.0 = Release|Win32
{7F70758C-9D3B-44C4-914D-41BC5D4D1C6C}.Release|x64.ActiveCfg = Release|x64
{7F70758C-9D3B-44C4-914D-41BC5D4D1C6C}.Release|x64.Build.0 = Release|x64
{CD77958C-0E30-4AD5-A47F-86DBA001D5F1}.Debug|Win32.ActiveCfg = Debug|Win32
{CD77958C-0E30-4AD5-A47F-86DBA001D5F1}.Debug|Win32.Build.0 = Debug|Win32
{CD77958C-0E30-4AD5-A47F-86DBA001D5F1}.Debug|x64.ActiveCfg = Debug|x64
{CD77958C-0E30-4AD5-A47F-86DBA001D5F1}.Debug|x64.Build.0 = Debug|x64
{CD77958C-0E30-4AD5-A47F-86DBA001D5F1}.Release|Win32.ActiveCfg = Release|Win32
{CD77958C-0E30-4AD5-A47F-86DBA001D5F1}.Release|Win32.Build.0 = Release|Win32
{CD77958C-0E30-4AD5-A47F-86DBA001D5F1}.Release|x64.ActiveCfg = Release|x64
{CD77958C-0E30-4AD5-A47F-86DBA001D5F1}.Release|x64.Build.0 = Release|x64
{8B0EAF47-8F85-4B5C-A2D5-BE39D1351E45}.Debug|Win32.ActiveCfg = Debug|Win32
{8B0EAF47-8F85-4B5C-A2D5-BE39D1351E45}.Debug|Win32.Build.0 = Debug|Win32
{8B0EAF47-8F85-4B5C-A2D5-BE39D1351E45}.Debug|x64.ActiveCfg = Debug|x64
{8B0EAF47-8F85-4B5C-A2D5-BE39D1351E45}.Debug|x64.Build.0 = Debug|x64
{8B0EAF47-8F85-4B5C-A2D5-BE39D1351E45}.Release|Win32.ActiveCfg = Release|Win32
{8B0EAF47-8F85-4B5C-A2D5-BE39D1351E45}.Release|Win32.Build.0 = Release|Win32
{8B0EAF47-8F85-4B5C-A2D5-BE39D1351E45}.Release|x64.ActiveCfg = Release|x64
{8B0EAF47-8F85-4B5C-A2D5-BE39D1351E45}.Release|x64.Build.0 = Release|x64
{2244BC9D-ECF0-45A5-B3D2-EC8E70DE6E44}.Debug|Win32.ActiveCfg = Debug|Win32
{2244BC9D-ECF0-45A5-B3D2-EC8E70DE6E44}.Debug|Win32.Build.0 = Debug|Win32
{2244BC9D-ECF0-45A5-B3D2-EC8E70DE6E44}.Debug|x64.ActiveCfg = Debug|x64
{2244BC9D-ECF0-45A5-B3D2-EC8E70DE6E44}.Debug|x64.Build.0 = Debug|x64
{2244BC9D-ECF0-45A5-B3D2-EC8E70DE6E44}.Release|Win32.ActiveCfg = Release|Win32
{2244BC9D-ECF0-45A5-B3D2-EC8E70DE6E44}.Release|Win32.Build.0 = Release|Win32
{2244BC9D-ECF0-45A5-B3D2-EC8E70DE6E44}.Release|x64.ActiveCfg = Release|x64
{2244BC9D-ECF0-45A5-B3D2-EC8E70DE6E44}.Release|x64.Build.0 = Release|x64
{3930F2B8-535B-4CB2-9C3A-0E93E23399BE}.Debug|Win32.ActiveCfg = Debug|Win32
{3930F2B8-535B-4CB2-9C3A-0E93E23399BE}.Debug|Win32.Build.0 = Debug|Win32
{3930F2B8-535B-4CB2-9C3A-0E93E23399BE}.Debug|x64.ActiveCfg = Debug|x64
{3930F2B8-535B-4CB2-9C3A-0E93E23399BE}.Debug|x64.Build.0 = Debug|x64
{3930F2B8-535B-4CB2-9C3A-0E93E23399BE}.Release|Win32.ActiveCfg = Release|Win32
{3930F2B8-535B-4CB2-9C3A-0E93E23399BE}.Release|Win32.Build.0 = Release|Win32
{3930F2B8-535B-4CB2-9C3A-0E93E23399BE}.Release|x64.ActiveCfg = Release|x64
{3930F2B8-535B-4CB2-9C3A-0E93E23399BE}.Release|x64.Build.0 = Release|x64
{F7F9487B-018A-498D-B8D4-FA950AF1D6A2}.Debug|Win32.ActiveCfg = Debug|Win32
{F7F9487B-018A-498D-B8D4-FA950AF1D6A2}.Debug|Win32.Build.0 = Debug|Win32
{F7F9487B-018A-498D-B8D4-FA950AF1D6A2}.Debug|x64.ActiveCfg = Debug|x64
{F7F9487B-018A-498D-B8D4-FA950AF1D6A2}.Debug|x64.Build.0 = Debug|x64
{F7F9487B-018A-498D-B8D4-FA950AF1D6A2}.Release|Win32.ActiveCfg = Release|Win32
{F7F9487B-018A-498D-B8D4-FA950AF1D6A2}.Release|Win32.Build.0 = Release|Win32
{F7F9487B-018A-498D-B8D4-FA950AF1D6A2}.Release|x64.ActiveCfg = Release|x64
{F7F9487B-018A-498D-B8D4-FA950AF1D6A2}.Release|x64.Build.0 = Release|x64
{B16EE161-859C-46C5-B4D6-32DCFCB2720B}.Debug|Win32.ActiveCfg = Debug|Win32
{B16EE161-859C-46C5-B4D6-32DCFCB2720B}.Debug|Win32.Build.0 = Debug|Win32
{B16EE161-859C-46C5-B4D6-32DCFCB2720B}.Debug|x64.ActiveCfg = Debug|x64
{B16EE161-859C-46C5-B4D6-32DCFCB2720B}.Debug|x64.Build.0 = Debug|x64
{B16EE161-859C-46C5-B4D6-32DCFCB2720B}.Release|Win32.ActiveCfg = Release|Win32
{B16EE161-859C-46C5-B4D6-32DCFCB2720B}.Release|Win32.Build.0 = Release|Win32
{B16EE161-859C-46C5-B4D6-32DCFCB2720B}.Release|x64.ActiveCfg = Release|x64
{B16EE161-859C-46C5-B4D6-32DCFCB2720B}.Release|x64.Build.0 = Release|x64
{BA4E6B36-E352-4CF4-839B-17F987061182}.Debug|Win32.ActiveCfg = Debug|Win32
{BA4E6B36-E352-4CF4-839B-17F987061182}.Debug|Win32.Build.0 = Debug|Win32
{BA4E6B36-E352-4CF4-839B-17F987061182}.Debug|x64.ActiveCfg = Debug|x64
{BA4E6B36-E352-4CF4-839B-17F987061182}.Debug|x64.Build.0 = Debug|x64
{BA4E6B36-E352-4CF4-839B-17F987061182}.Release|Win32.ActiveCfg = Release|Win32
{BA4E6B36-E352-4CF4-839B-17F987061182}.Release|Win32.Build.0 = Release|Win32
{BA4E6B36-E352-4CF4-839B-17F987061182}.Release|x64.ActiveCfg = Release|x64
{BA4E6B36-E352-4CF4-839B-17F987061182}.Release|x64.Build.0 = Release|x64
{239A3F11-4D9A-4F69-B991-1A572006ADF1}.Debug|Win32.ActiveCfg = Debug|Win32
{239A3F11-4D9A-4F69-B991-1A572006ADF1}.Debug|Win32.Build.0 = Debug|Win32
{239A3F11-4D9A-4F69-B991-1A572006ADF1}.Debug|x64.ActiveCfg = Debug|x64
{239A3F11-4D9A-4F69-B991-1A572006ADF1}.Debug|x64.Build.0 = Debug|x64
{239A3F11-4D9A-4F69-B991-1A572006ADF1}.Release|Win32.ActiveCfg = Release|Win32
{239A3F11-4D9A-4F69-B991-1A572006ADF1}.Release|Win32.Build.0 = Release|Win32
{239A3F11-4D9A-4F69-B991-1A572006ADF1}.Release|x64.ActiveCfg = Release|x64
{239A3F11-4D9A-4F69-B991-1A572006ADF1}.Release|x64.Build.0 = Release|x64
{9C5B6E38-EEA9-4760-884D-BF801942FEE1}.Debug|Win32.ActiveCfg = Debug|Win32
{9C5B6E38-EEA9-4760-884D-BF801942FEE1}.Debug|Win32.Build.0 = Debug|Win32
{9C5B6E38-EEA9-4760-884D-BF801942FEE1}.Debug|x64.ActiveCfg = Debug|x64
{9C5B6E38-EEA9-4760-884D-BF801942FEE1}.Debug|x64.Build.0 = Debug|x64
{9C5B6E38-EEA9-4760-884D-BF801942FEE1}.Release|Win32.ActiveCfg = Release|Win32
{9C5B6E38-EEA9-4760-884D-BF801942FEE1}.Release|Win32.Build.0 = Release|Win32
{9C5B6E38-EEA9-4760-884D-BF801942FEE1}.Release|x64.ActiveCfg = Release|x64
{9C5B6E38-EEA9-4760-884D-BF801942FEE1}.Release|x64.Build.0 = Release|x64
{E303D7AD-EEE5-4627-8CFA-21A81FAE2012}.Debug|Win32.ActiveCfg = Debug|Win32
{E303D7AD-EEE5-4627-8CFA-21A81FAE2012}.Debug|Win32.Build.0 = Debug|Win32
{E303D7AD-EEE5-4627-8CFA-21A81FAE2012}.Debug|x64.ActiveCfg = Debug|x64
{E303D7AD-EEE5-4627-8CFA-21A81FAE2012}.Debug|x64.Build.0 = Debug|x64
{E303D7AD-EEE5-4627-8CFA-21A81FAE2012}.Release|Win32.ActiveCfg = Release|Win32
{E303D7AD-EEE5-4627-8CFA-21A81FAE2012}.Release|Win32.Build.0 = Release|Win32
{E303D7AD-EEE5-4627-8CFA-21A81FAE2012}.Release|x64.ActiveCfg = Release|x64
{E303D7AD-EEE5-4627-8CFA-21A81FAE2012}.Release|x64.Build.0 = Release|x64
{17FA7C49-E9FE-4C6F-B2A0-2623C5DFCC6F}.Debug|Win32.ActiveCfg = Debug|Win32
{17FA7C49-E9FE-4C6F-B2A0-2623C5DFCC6F}.Debug|Win32.Build.0 = Debug|Win32
{17FA7C49-E9FE-4C6F-B2A0-2623C5DFCC6F}.Debug|x64.ActiveCfg = Debug|x64
{17FA7C49-E9FE-4C6F-B2A0-2623C5DFCC6F}.Debug|x64.Build.0 = Debug|x64
{17FA7C49-E9FE-4C6F-B2A0-2623C5DFCC6F}.Release|Win32.ActiveCfg = Release|Win32
{17FA7C49-E9FE-4C6F-B2A0-2623C5DFCC6F}.Release|Win32.Build.0 = Release|Win32
{17FA7C49-E9FE-4C6F-B2A0-2623C5DFCC6F}.Release|x64.ActiveCfg = Release|x64
{17FA7C49-E9FE-4C6F-B2A0-2623C5DFCC6F}.Release|x64.Build.0 = Release|x64
{29800C01-364D-4C0C-8E59-095506F11188}.Debug|Win32.ActiveCfg = Debug|Win32
{29800C01-364D-4C0C-8E59-095506F11188}.Debug|Win32.Build.0 = Debug|Win32
{29800C01-364D-4C0C-8E59-095506F11188}.Debug|x64.ActiveCfg = Debug|x64
{29800C01-364D-4C0C-8E59-095506F11188}.Debug|x64.Build.0 = Debug|x64
{29800C01-364D-4C0C-8E59-095506F11188}.Release|Win32.ActiveCfg = Release|Win32
{29800C01-364D-4C0C-8E59-095506F11188}.Release|Win32.Build.0 = Release|Win32
{29800C01-364D-4C0C-8E59-095506F11188}.Release|x64.ActiveCfg = Release|x64
{29800C01-364D-4C0C-8E59-095506F11188}.Release|x64.Build.0 = Release|x64
{0717607D-1B1F-4A31-9677-331C2C024706}.Debug|Win32.ActiveCfg = Debug|Win32
{0717607D-1B1F-4A31-9677-331C2C024706}.Debug|Win32.Build.0 = Debug|Win32
{0717607D-1B1F-4A31-9677-331C2C024706}.Debug|x64.ActiveCfg = Debug|x64
{0717607D-1B1F-4A31-9677-331C2C024706}.Debug|x64.Build.0 = Debug|x64
{0717607D-1B1F-4A31-9677-331C2C024706}.Release|Win32.ActiveCfg = Release|Win32
{0717607D-1B1F-4A31-9677-331C2C024706}.Release|Win32.Build.0 = Release|Win32
{0717607D-1B1F-4A31-9677-331C2C024706}.Release|x64.ActiveCfg = Release|x64
{0717607D-1B1F-4A31-9677-331C2C024706}.Release|x64.Build.0 = Release|x64
{99F9BCE2-44E4-4BCC-BAB5-132BB4E85679}.Debug|Win32.ActiveCfg = Debug|Win32
{99F9BCE2-44E4-4BCC-BAB5-132BB4E85679}.Debug|Win32.Build.0 = Debug|Win32
{99F9BCE2-44E4-4BCC-BAB5-132BB4E85679}.Debug|x64.ActiveCfg = Debug|x64
{99F9BCE2-44E4-4BCC-BAB5-132BB4E85679}.Debug|x64.Build.0 = Debug|x64
{99F9BCE2-44E4-4BCC-BAB5-132BB4E85679}.Release|Win32.ActiveCfg = Release|Win32
{99F9BCE2-44E4-4BCC-BAB5-132BB4E85679}.Release|Win32.Build.0 = Release|Win32
{99F9BCE2-44E4-4BCC-BAB5-132BB4E85679}.Release|x64.ActiveCfg = Release|x64
{99F9BCE2-44E4-4BCC-BAB5-132BB4E85679}.Release|x64.Build.0 = Release|x64
{77EA9C6E-3B45-4AFC-9E0A-65FE7A5DB192}.Debug|Win32.ActiveCfg = Debug|Win32
{77EA9C6E-3B45-4AFC-9E0A-65FE7A5DB192}.Debug|Win32.Build.0 = Debug|Win32
{77EA9C6E-3B45-4AFC-9E0A-65FE7A5DB192}.Debug|x64.ActiveCfg = Debug|x64
{77EA9C6E-3B45-4AFC-9E0A-65FE7A5DB192}.Debug|x64.Build.0 = Debug|x64
{77EA9C6E-3B45-4AFC-9E0A-65FE7A5DB192}.Release|Win32.ActiveCfg = Release|Win32
{77EA9C6E-3B45-4AFC-9E0A-65FE7A5DB192}.Release|Win32.Build.0 = Release|Win32
{77EA9C6E-3B45-4AFC-9E0A-65FE7A5DB192}.Release|x64.ActiveCfg = Release|x64
{77EA9C6E-3B45-4AFC-9E0A-65FE7A5DB192}.Release|x64.Build.0 = Release|x64
{A0664688-C6D6-49D4-AB13-50E444DF1381}.Debug|Win32.ActiveCfg = Debug|Win32
{A0664688-C6D6-49D4-AB13-50E444DF1381}.Debug|Win32.Build.0 = Debug|Win32
{A0664688-C6D6-49D4-AB13-50E444DF1381}.Debug|x64.ActiveCfg = Debug|x64
{A0664688-C6D6-49D4-AB13-50E444DF1381}.Debug|x64.Build.0 = Debug|x64
{A0664688-C6D6-49D4-AB13-50E444DF1381}.Release|Win32.ActiveCfg = Release|Win32
{A0664688-C6D6-49D4-AB13-50E444DF1381}.Release|Win32.Build.0 = Release|Win32
{A0664688-C6D6-49D4-AB13-50E444DF1381}.Release|x64.ActiveCfg = Release|x64
{A0664688-C6D6-49D4-AB13-50E444DF1381}.Release|x64.Build.0 = Release|x64
EndGlobalSection

      GlobalSection(SolutionProperties) = preSolution
        HideSolutionNode = FALSE
      EndGlobalSection
    EndGlobal
