Microsoft Visual Studio Solution File, Format Version 11.00
# Visual Studio 2010
Project("{8BC9CEB8-8B4A-11D0-8D11-00A0C91BC942}") = "prep", "appweb-windows-default\prep.vcxproj", "{08C43204-E9BB-461F-897F-F7E65115154F}"
	ProjectSection(ProjectDependencies) = postProject
		{08C43204-E9BB-461F-897F-F7E65115154F} = {08C43204-E9BB-461F-897F-F7E65115154F}
	EndProjectSection
EndProject
Project("{8BC9CEB8-8B4A-11D0-8D11-00A0C91BC942}") = "libmpr", "appweb-windows-default\libmpr.vcxproj", "{CA62FF53-CE18-43B8-8254-BF186CA0B493}"
	ProjectSection(ProjectDependencies) = postProject
		{08C43204-E9BB-461F-897F-F7E65115154F} = {08C43204-E9BB-461F-897F-F7E65115154F}
	EndProjectSection
	ProjectSection(ProjectDependencies) = postProject
		{D17525D5-41A0-43E3-8566-36C0434C0C25} = {D17525D5-41A0-43E3-8566-36C0434C0C25}
	EndProjectSection
	ProjectSection(ProjectDependencies) = postProject
		{86C347EB-C173-452A-8BF3-1941B73AE856} = {86C347EB-C173-452A-8BF3-1941B73AE856}
	EndProjectSection
	ProjectSection(ProjectDependencies) = postProject
		{CA62FF53-CE18-43B8-8254-BF186CA0B493} = {CA62FF53-CE18-43B8-8254-BF186CA0B493}
	EndProjectSection
EndProject
Project("{8BC9CEB8-8B4A-11D0-8D11-00A0C91BC942}") = "libpcre", "appweb-windows-default\libpcre.vcxproj", "{45E58AC1-E249-491A-9FB8-DC90285DC600}"
	ProjectSection(ProjectDependencies) = postProject
		{08C43204-E9BB-461F-897F-F7E65115154F} = {08C43204-E9BB-461F-897F-F7E65115154F}
	EndProjectSection
	ProjectSection(ProjectDependencies) = postProject
		{45E58AC1-E249-491A-9FB8-DC90285DC600} = {45E58AC1-E249-491A-9FB8-DC90285DC600}
	EndProjectSection
EndProject
Project("{8BC9CEB8-8B4A-11D0-8D11-00A0C91BC942}") = "libhttp", "appweb-windows-default\libhttp.vcxproj", "{44CAC56F-78AA-4D36-BD2A-8967F1710B2C}"
	ProjectSection(ProjectDependencies) = postProject
		{08C43204-E9BB-461F-897F-F7E65115154F} = {08C43204-E9BB-461F-897F-F7E65115154F}
	EndProjectSection
	ProjectSection(ProjectDependencies) = postProject
		{D17525D5-41A0-43E3-8566-36C0434C0C25} = {D17525D5-41A0-43E3-8566-36C0434C0C25}
	EndProjectSection
	ProjectSection(ProjectDependencies) = postProject
		{86C347EB-C173-452A-8BF3-1941B73AE856} = {86C347EB-C173-452A-8BF3-1941B73AE856}
	EndProjectSection
	ProjectSection(ProjectDependencies) = postProject
		{CA62FF53-CE18-43B8-8254-BF186CA0B493} = {CA62FF53-CE18-43B8-8254-BF186CA0B493}
	EndProjectSection
	ProjectSection(ProjectDependencies) = postProject
		{45E58AC1-E249-491A-9FB8-DC90285DC600} = {45E58AC1-E249-491A-9FB8-DC90285DC600}
	EndProjectSection
	ProjectSection(ProjectDependencies) = postProject
		{44CAC56F-78AA-4D36-BD2A-8967F1710B2C} = {44CAC56F-78AA-4D36-BD2A-8967F1710B2C}
	EndProjectSection
EndProject
Project("{8BC9CEB8-8B4A-11D0-8D11-00A0C91BC942}") = "libmpr-version", "appweb-windows-default\libmpr-version.vcxproj", "{B9ACDEFB-4A2E-4DB4-A80D-328FDDC4217B}"
	ProjectSection(ProjectDependencies) = postProject
		{08C43204-E9BB-461F-897F-F7E65115154F} = {08C43204-E9BB-461F-897F-F7E65115154F}
	EndProjectSection
	ProjectSection(ProjectDependencies) = postProject
		{B9ACDEFB-4A2E-4DB4-A80D-328FDDC4217B} = {B9ACDEFB-4A2E-4DB4-A80D-328FDDC4217B}
	EndProjectSection
EndProject
Project("{8BC9CEB8-8B4A-11D0-8D11-00A0C91BC942}") = "libappweb", "appweb-windows-default\libappweb.vcxproj", "{533E70AC-25FA-40DA-920A-EE094F28D670}"
	ProjectSection(ProjectDependencies) = postProject
		{08C43204-E9BB-461F-897F-F7E65115154F} = {08C43204-E9BB-461F-897F-F7E65115154F}
	EndProjectSection
	ProjectSection(ProjectDependencies) = postProject
		{D17525D5-41A0-43E3-8566-36C0434C0C25} = {D17525D5-41A0-43E3-8566-36C0434C0C25}
	EndProjectSection
	ProjectSection(ProjectDependencies) = postProject
		{86C347EB-C173-452A-8BF3-1941B73AE856} = {86C347EB-C173-452A-8BF3-1941B73AE856}
	EndProjectSection
	ProjectSection(ProjectDependencies) = postProject
		{CA62FF53-CE18-43B8-8254-BF186CA0B493} = {CA62FF53-CE18-43B8-8254-BF186CA0B493}
	EndProjectSection
	ProjectSection(ProjectDependencies) = postProject
		{45E58AC1-E249-491A-9FB8-DC90285DC600} = {45E58AC1-E249-491A-9FB8-DC90285DC600}
	EndProjectSection
	ProjectSection(ProjectDependencies) = postProject
		{44CAC56F-78AA-4D36-BD2A-8967F1710B2C} = {44CAC56F-78AA-4D36-BD2A-8967F1710B2C}
	EndProjectSection
	ProjectSection(ProjectDependencies) = postProject
		{B9ACDEFB-4A2E-4DB4-A80D-328FDDC4217B} = {B9ACDEFB-4A2E-4DB4-A80D-328FDDC4217B}
	EndProjectSection
	ProjectSection(ProjectDependencies) = postProject
		{533E70AC-25FA-40DA-920A-EE094F28D670} = {533E70AC-25FA-40DA-920A-EE094F28D670}
	EndProjectSection
EndProject
Project("{8BC9CEB8-8B4A-11D0-8D11-00A0C91BC942}") = "appweb", "appweb-windows-default\appweb.vcxproj", "{DCB748AE-B467-44BD-9ADC-81606F0B3CFD}"
	ProjectSection(ProjectDependencies) = postProject
		{08C43204-E9BB-461F-897F-F7E65115154F} = {08C43204-E9BB-461F-897F-F7E65115154F}
	EndProjectSection
	ProjectSection(ProjectDependencies) = postProject
		{D17525D5-41A0-43E3-8566-36C0434C0C25} = {D17525D5-41A0-43E3-8566-36C0434C0C25}
	EndProjectSection
	ProjectSection(ProjectDependencies) = postProject
		{86C347EB-C173-452A-8BF3-1941B73AE856} = {86C347EB-C173-452A-8BF3-1941B73AE856}
	EndProjectSection
	ProjectSection(ProjectDependencies) = postProject
		{CA62FF53-CE18-43B8-8254-BF186CA0B493} = {CA62FF53-CE18-43B8-8254-BF186CA0B493}
	EndProjectSection
	ProjectSection(ProjectDependencies) = postProject
		{45E58AC1-E249-491A-9FB8-DC90285DC600} = {45E58AC1-E249-491A-9FB8-DC90285DC600}
	EndProjectSection
	ProjectSection(ProjectDependencies) = postProject
		{44CAC56F-78AA-4D36-BD2A-8967F1710B2C} = {44CAC56F-78AA-4D36-BD2A-8967F1710B2C}
	EndProjectSection
	ProjectSection(ProjectDependencies) = postProject
		{B9ACDEFB-4A2E-4DB4-A80D-328FDDC4217B} = {B9ACDEFB-4A2E-4DB4-A80D-328FDDC4217B}
	EndProjectSection
	ProjectSection(ProjectDependencies) = postProject
		{533E70AC-25FA-40DA-920A-EE094F28D670} = {533E70AC-25FA-40DA-920A-EE094F28D670}
	EndProjectSection
	ProjectSection(ProjectDependencies) = postProject
		{DCB748AE-B467-44BD-9ADC-81606F0B3CFD} = {DCB748AE-B467-44BD-9ADC-81606F0B3CFD}
	EndProjectSection
EndProject
Project("{8BC9CEB8-8B4A-11D0-8D11-00A0C91BC942}") = "appwebMonitor", "appweb-windows-default\appwebMonitor.vcxproj", "{675F9FFE-EEA9-4E2D-8A19-69F925977AA2}"
	ProjectSection(ProjectDependencies) = postProject
		{08C43204-E9BB-461F-897F-F7E65115154F} = {08C43204-E9BB-461F-897F-F7E65115154F}
	EndProjectSection
	ProjectSection(ProjectDependencies) = postProject
		{D17525D5-41A0-43E3-8566-36C0434C0C25} = {D17525D5-41A0-43E3-8566-36C0434C0C25}
	EndProjectSection
	ProjectSection(ProjectDependencies) = postProject
		{86C347EB-C173-452A-8BF3-1941B73AE856} = {86C347EB-C173-452A-8BF3-1941B73AE856}
	EndProjectSection
	ProjectSection(ProjectDependencies) = postProject
		{CA62FF53-CE18-43B8-8254-BF186CA0B493} = {CA62FF53-CE18-43B8-8254-BF186CA0B493}
	EndProjectSection
	ProjectSection(ProjectDependencies) = postProject
		{45E58AC1-E249-491A-9FB8-DC90285DC600} = {45E58AC1-E249-491A-9FB8-DC90285DC600}
	EndProjectSection
	ProjectSection(ProjectDependencies) = postProject
		{44CAC56F-78AA-4D36-BD2A-8967F1710B2C} = {44CAC56F-78AA-4D36-BD2A-8967F1710B2C}
	EndProjectSection
	ProjectSection(ProjectDependencies) = postProject
		{B9ACDEFB-4A2E-4DB4-A80D-328FDDC4217B} = {B9ACDEFB-4A2E-4DB4-A80D-328FDDC4217B}
	EndProjectSection
	ProjectSection(ProjectDependencies) = postProject
		{533E70AC-25FA-40DA-920A-EE094F28D670} = {533E70AC-25FA-40DA-920A-EE094F28D670}
	EndProjectSection
	ProjectSection(ProjectDependencies) = postProject
		{675F9FFE-EEA9-4E2D-8A19-69F925977AA2} = {675F9FFE-EEA9-4E2D-8A19-69F925977AA2}
	EndProjectSection
EndProject
Project("{8BC9CEB8-8B4A-11D0-8D11-00A0C91BC942}") = "appwebMonitor.ico", "appweb-windows-default\appwebMonitor.ico.vcxproj", "{E704ED3F-CF41-4116-9253-C2D9C1F4A92E}"
	ProjectSection(ProjectDependencies) = postProject
		{08C43204-E9BB-461F-897F-F7E65115154F} = {08C43204-E9BB-461F-897F-F7E65115154F}
	EndProjectSection
	ProjectSection(ProjectDependencies) = postProject
		{E704ED3F-CF41-4116-9253-C2D9C1F4A92E} = {E704ED3F-CF41-4116-9253-C2D9C1F4A92E}
	EndProjectSection
EndProject
Project("{8BC9CEB8-8B4A-11D0-8D11-00A0C91BC942}") = "authpass", "appweb-windows-default\authpass.vcxproj", "{595313BE-93E0-4096-8820-851DC451B34F}"
	ProjectSection(ProjectDependencies) = postProject
		{08C43204-E9BB-461F-897F-F7E65115154F} = {08C43204-E9BB-461F-897F-F7E65115154F}
	EndProjectSection
	ProjectSection(ProjectDependencies) = postProject
		{D17525D5-41A0-43E3-8566-36C0434C0C25} = {D17525D5-41A0-43E3-8566-36C0434C0C25}
	EndProjectSection
	ProjectSection(ProjectDependencies) = postProject
		{86C347EB-C173-452A-8BF3-1941B73AE856} = {86C347EB-C173-452A-8BF3-1941B73AE856}
	EndProjectSection
	ProjectSection(ProjectDependencies) = postProject
		{CA62FF53-CE18-43B8-8254-BF186CA0B493} = {CA62FF53-CE18-43B8-8254-BF186CA0B493}
	EndProjectSection
	ProjectSection(ProjectDependencies) = postProject
		{45E58AC1-E249-491A-9FB8-DC90285DC600} = {45E58AC1-E249-491A-9FB8-DC90285DC600}
	EndProjectSection
	ProjectSection(ProjectDependencies) = postProject
		{44CAC56F-78AA-4D36-BD2A-8967F1710B2C} = {44CAC56F-78AA-4D36-BD2A-8967F1710B2C}
	EndProjectSection
	ProjectSection(ProjectDependencies) = postProject
		{B9ACDEFB-4A2E-4DB4-A80D-328FDDC4217B} = {B9ACDEFB-4A2E-4DB4-A80D-328FDDC4217B}
	EndProjectSection
	ProjectSection(ProjectDependencies) = postProject
		{533E70AC-25FA-40DA-920A-EE094F28D670} = {533E70AC-25FA-40DA-920A-EE094F28D670}
	EndProjectSection
	ProjectSection(ProjectDependencies) = postProject
		{595313BE-93E0-4096-8820-851DC451B34F} = {595313BE-93E0-4096-8820-851DC451B34F}
	EndProjectSection
EndProject
Project("{8BC9CEB8-8B4A-11D0-8D11-00A0C91BC942}") = "httpcmd", "appweb-windows-default\httpcmd.vcxproj", "{CF4840CE-30F2-4D5C-85B6-A90C091BD59B}"
	ProjectSection(ProjectDependencies) = postProject
		{08C43204-E9BB-461F-897F-F7E65115154F} = {08C43204-E9BB-461F-897F-F7E65115154F}
	EndProjectSection
	ProjectSection(ProjectDependencies) = postProject
		{D17525D5-41A0-43E3-8566-36C0434C0C25} = {D17525D5-41A0-43E3-8566-36C0434C0C25}
	EndProjectSection
	ProjectSection(ProjectDependencies) = postProject
		{86C347EB-C173-452A-8BF3-1941B73AE856} = {86C347EB-C173-452A-8BF3-1941B73AE856}
	EndProjectSection
	ProjectSection(ProjectDependencies) = postProject
		{CA62FF53-CE18-43B8-8254-BF186CA0B493} = {CA62FF53-CE18-43B8-8254-BF186CA0B493}
	EndProjectSection
	ProjectSection(ProjectDependencies) = postProject
		{45E58AC1-E249-491A-9FB8-DC90285DC600} = {45E58AC1-E249-491A-9FB8-DC90285DC600}
	EndProjectSection
	ProjectSection(ProjectDependencies) = postProject
		{44CAC56F-78AA-4D36-BD2A-8967F1710B2C} = {44CAC56F-78AA-4D36-BD2A-8967F1710B2C}
	EndProjectSection
	ProjectSection(ProjectDependencies) = postProject
		{CF4840CE-30F2-4D5C-85B6-A90C091BD59B} = {CF4840CE-30F2-4D5C-85B6-A90C091BD59B}
	EndProjectSection
EndProject
Project("{8BC9CEB8-8B4A-11D0-8D11-00A0C91BC942}") = "install-certs", "appweb-windows-default\install-certs.vcxproj", "{BCAA7C5D-8997-437D-B7AE-E91E967E78E0}"
	ProjectSection(ProjectDependencies) = postProject
		{08C43204-E9BB-461F-897F-F7E65115154F} = {08C43204-E9BB-461F-897F-F7E65115154F}
	EndProjectSection
	ProjectSection(ProjectDependencies) = postProject
		{BCAA7C5D-8997-437D-B7AE-E91E967E78E0} = {BCAA7C5D-8997-437D-B7AE-E91E967E78E0}
	EndProjectSection
EndProject
Project("{8BC9CEB8-8B4A-11D0-8D11-00A0C91BC942}") = "libmbedtls", "appweb-windows-default\libmbedtls.vcxproj", "{D17525D5-41A0-43E3-8566-36C0434C0C25}"
	ProjectSection(ProjectDependencies) = postProject
		{08C43204-E9BB-461F-897F-F7E65115154F} = {08C43204-E9BB-461F-897F-F7E65115154F}
	EndProjectSection
	ProjectSection(ProjectDependencies) = postProject
		{D17525D5-41A0-43E3-8566-36C0434C0C25} = {D17525D5-41A0-43E3-8566-36C0434C0C25}
	EndProjectSection
EndProject
Project("{8BC9CEB8-8B4A-11D0-8D11-00A0C91BC942}") = "libmpr-mbedtls", "appweb-windows-default\libmpr-mbedtls.vcxproj", "{86C347EB-C173-452A-8BF3-1941B73AE856}"
	ProjectSection(ProjectDependencies) = postProject
		{08C43204-E9BB-461F-897F-F7E65115154F} = {08C43204-E9BB-461F-897F-F7E65115154F}
	EndProjectSection
	ProjectSection(ProjectDependencies) = postProject
		{D17525D5-41A0-43E3-8566-36C0434C0C25} = {D17525D5-41A0-43E3-8566-36C0434C0C25}
	EndProjectSection
	ProjectSection(ProjectDependencies) = postProject
		{86C347EB-C173-452A-8BF3-1941B73AE856} = {86C347EB-C173-452A-8BF3-1941B73AE856}
	EndProjectSection
EndProject
Project("{8BC9CEB8-8B4A-11D0-8D11-00A0C91BC942}") = "makerom", "appweb-windows-default\makerom.vcxproj", "{30710A54-5D38-4F40-BB56-0D8778A659E0}"
	ProjectSection(ProjectDependencies) = postProject
		{08C43204-E9BB-461F-897F-F7E65115154F} = {08C43204-E9BB-461F-897F-F7E65115154F}
	EndProjectSection
	ProjectSection(ProjectDependencies) = postProject
		{D17525D5-41A0-43E3-8566-36C0434C0C25} = {D17525D5-41A0-43E3-8566-36C0434C0C25}
	EndProjectSection
	ProjectSection(ProjectDependencies) = postProject
		{86C347EB-C173-452A-8BF3-1941B73AE856} = {86C347EB-C173-452A-8BF3-1941B73AE856}
	EndProjectSection
	ProjectSection(ProjectDependencies) = postProject
		{CA62FF53-CE18-43B8-8254-BF186CA0B493} = {CA62FF53-CE18-43B8-8254-BF186CA0B493}
	EndProjectSection
	ProjectSection(ProjectDependencies) = postProject
		{30710A54-5D38-4F40-BB56-0D8778A659E0} = {30710A54-5D38-4F40-BB56-0D8778A659E0}
	EndProjectSection
EndProject
Project("{8BC9CEB8-8B4A-11D0-8D11-00A0C91BC942}") = "server", "appweb-windows-default\server.vcxproj", "{9F77100C-0689-451F-82FA-EA7E36C74716}"
	ProjectSection(ProjectDependencies) = postProject
		{08C43204-E9BB-461F-897F-F7E65115154F} = {08C43204-E9BB-461F-897F-F7E65115154F}
	EndProjectSection
	ProjectSection(ProjectDependencies) = postProject
		{D17525D5-41A0-43E3-8566-36C0434C0C25} = {D17525D5-41A0-43E3-8566-36C0434C0C25}
	EndProjectSection
	ProjectSection(ProjectDependencies) = postProject
		{86C347EB-C173-452A-8BF3-1941B73AE856} = {86C347EB-C173-452A-8BF3-1941B73AE856}
	EndProjectSection
	ProjectSection(ProjectDependencies) = postProject
		{CA62FF53-CE18-43B8-8254-BF186CA0B493} = {CA62FF53-CE18-43B8-8254-BF186CA0B493}
	EndProjectSection
	ProjectSection(ProjectDependencies) = postProject
		{45E58AC1-E249-491A-9FB8-DC90285DC600} = {45E58AC1-E249-491A-9FB8-DC90285DC600}
	EndProjectSection
	ProjectSection(ProjectDependencies) = postProject
		{44CAC56F-78AA-4D36-BD2A-8967F1710B2C} = {44CAC56F-78AA-4D36-BD2A-8967F1710B2C}
	EndProjectSection
	ProjectSection(ProjectDependencies) = postProject
		{9F77100C-0689-451F-82FA-EA7E36C74716} = {9F77100C-0689-451F-82FA-EA7E36C74716}
	EndProjectSection
EndProject
Project("{8BC9CEB8-8B4A-11D0-8D11-00A0C91BC942}") = "server-cache", "appweb-windows-default\server-cache.vcxproj", "{1340979D-AA06-46BB-82E2-644192E233CF}"
	ProjectSection(ProjectDependencies) = postProject
		{08C43204-E9BB-461F-897F-F7E65115154F} = {08C43204-E9BB-461F-897F-F7E65115154F}
	EndProjectSection
	ProjectSection(ProjectDependencies) = postProject
		{1340979D-AA06-46BB-82E2-644192E233CF} = {1340979D-AA06-46BB-82E2-644192E233CF}
	EndProjectSection
EndProject
Project("{8BC9CEB8-8B4A-11D0-8D11-00A0C91BC942}") = "watchdog", "appweb-windows-default\watchdog.vcxproj", "{61DB34B3-8C70-4F29-B0B8-F3B37281CAAF}"
	ProjectSection(ProjectDependencies) = postProject
		{08C43204-E9BB-461F-897F-F7E65115154F} = {08C43204-E9BB-461F-897F-F7E65115154F}
	EndProjectSection
	ProjectSection(ProjectDependencies) = postProject
		{D17525D5-41A0-43E3-8566-36C0434C0C25} = {D17525D5-41A0-43E3-8566-36C0434C0C25}
	EndProjectSection
	ProjectSection(ProjectDependencies) = postProject
		{86C347EB-C173-452A-8BF3-1941B73AE856} = {86C347EB-C173-452A-8BF3-1941B73AE856}
	EndProjectSection
	ProjectSection(ProjectDependencies) = postProject
		{CA62FF53-CE18-43B8-8254-BF186CA0B493} = {CA62FF53-CE18-43B8-8254-BF186CA0B493}
	EndProjectSection
	ProjectSection(ProjectDependencies) = postProject
		{61DB34B3-8C70-4F29-B0B8-F3B37281CAAF} = {61DB34B3-8C70-4F29-B0B8-F3B37281CAAF}
	EndProjectSection
EndProject

    Global
        GlobalSection(SolutionConfigurationPlatforms) = preSolution
            Debug|Win32 = Debug|Win32
            Debug|x64 = Debug|x64
            Release|Win32 = Release|Win32
            Release|x64 = Release|x64
        EndGlobalSection
        GlobalSection(ProjectConfigurationPlatforms) = postSolution
{08C43204-E9BB-461F-897F-F7E65115154F}.Debug|Win32.ActiveCfg = Debug|Win32
{08C43204-E9BB-461F-897F-F7E65115154F}.Debug|Win32.Build.0 = Debug|Win32
{08C43204-E9BB-461F-897F-F7E65115154F}.Debug|x64.ActiveCfg = Debug|x64
{08C43204-E9BB-461F-897F-F7E65115154F}.Debug|x64.Build.0 = Debug|x64
{08C43204-E9BB-461F-897F-F7E65115154F}.Release|Win32.ActiveCfg = Release|Win32
{08C43204-E9BB-461F-897F-F7E65115154F}.Release|Win32.Build.0 = Release|Win32
{08C43204-E9BB-461F-897F-F7E65115154F}.Release|x64.ActiveCfg = Release|x64
{08C43204-E9BB-461F-897F-F7E65115154F}.Release|x64.Build.0 = Release|x64
{CA62FF53-CE18-43B8-8254-BF186CA0B493}.Debug|Win32.ActiveCfg = Debug|Win32
{CA62FF53-CE18-43B8-8254-BF186CA0B493}.Debug|Win32.Build.0 = Debug|Win32
{CA62FF53-CE18-43B8-8254-BF186CA0B493}.Debug|x64.ActiveCfg = Debug|x64
{CA62FF53-CE18-43B8-8254-BF186CA0B493}.Debug|x64.Build.0 = Debug|x64
{CA62FF53-CE18-43B8-8254-BF186CA0B493}.Release|Win32.ActiveCfg = Release|Win32
{CA62FF53-CE18-43B8-8254-BF186CA0B493}.Release|Win32.Build.0 = Release|Win32
{CA62FF53-CE18-43B8-8254-BF186CA0B493}.Release|x64.ActiveCfg = Release|x64
{CA62FF53-CE18-43B8-8254-BF186CA0B493}.Release|x64.Build.0 = Release|x64
{45E58AC1-E249-491A-9FB8-DC90285DC600}.Debug|Win32.ActiveCfg = Debug|Win32
{45E58AC1-E249-491A-9FB8-DC90285DC600}.Debug|Win32.Build.0 = Debug|Win32
{45E58AC1-E249-491A-9FB8-DC90285DC600}.Debug|x64.ActiveCfg = Debug|x64
{45E58AC1-E249-491A-9FB8-DC90285DC600}.Debug|x64.Build.0 = Debug|x64
{45E58AC1-E249-491A-9FB8-DC90285DC600}.Release|Win32.ActiveCfg = Release|Win32
{45E58AC1-E249-491A-9FB8-DC90285DC600}.Release|Win32.Build.0 = Release|Win32
{45E58AC1-E249-491A-9FB8-DC90285DC600}.Release|x64.ActiveCfg = Release|x64
{45E58AC1-E249-491A-9FB8-DC90285DC600}.Release|x64.Build.0 = Release|x64
{44CAC56F-78AA-4D36-BD2A-8967F1710B2C}.Debug|Win32.ActiveCfg = Debug|Win32
{44CAC56F-78AA-4D36-BD2A-8967F1710B2C}.Debug|Win32.Build.0 = Debug|Win32
{44CAC56F-78AA-4D36-BD2A-8967F1710B2C}.Debug|x64.ActiveCfg = Debug|x64
{44CAC56F-78AA-4D36-BD2A-8967F1710B2C}.Debug|x64.Build.0 = Debug|x64
{44CAC56F-78AA-4D36-BD2A-8967F1710B2C}.Release|Win32.ActiveCfg = Release|Win32
{44CAC56F-78AA-4D36-BD2A-8967F1710B2C}.Release|Win32.Build.0 = Release|Win32
{44CAC56F-78AA-4D36-BD2A-8967F1710B2C}.Release|x64.ActiveCfg = Release|x64
{44CAC56F-78AA-4D36-BD2A-8967F1710B2C}.Release|x64.Build.0 = Release|x64
{B9ACDEFB-4A2E-4DB4-A80D-328FDDC4217B}.Debug|Win32.ActiveCfg = Debug|Win32
{B9ACDEFB-4A2E-4DB4-A80D-328FDDC4217B}.Debug|Win32.Build.0 = Debug|Win32
{B9ACDEFB-4A2E-4DB4-A80D-328FDDC4217B}.Debug|x64.ActiveCfg = Debug|x64
{B9ACDEFB-4A2E-4DB4-A80D-328FDDC4217B}.Debug|x64.Build.0 = Debug|x64
{B9ACDEFB-4A2E-4DB4-A80D-328FDDC4217B}.Release|Win32.ActiveCfg = Release|Win32
{B9ACDEFB-4A2E-4DB4-A80D-328FDDC4217B}.Release|Win32.Build.0 = Release|Win32
{B9ACDEFB-4A2E-4DB4-A80D-328FDDC4217B}.Release|x64.ActiveCfg = Release|x64
{B9ACDEFB-4A2E-4DB4-A80D-328FDDC4217B}.Release|x64.Build.0 = Release|x64
{533E70AC-25FA-40DA-920A-EE094F28D670}.Debug|Win32.ActiveCfg = Debug|Win32
{533E70AC-25FA-40DA-920A-EE094F28D670}.Debug|Win32.Build.0 = Debug|Win32
{533E70AC-25FA-40DA-920A-EE094F28D670}.Debug|x64.ActiveCfg = Debug|x64
{533E70AC-25FA-40DA-920A-EE094F28D670}.Debug|x64.Build.0 = Debug|x64
{533E70AC-25FA-40DA-920A-EE094F28D670}.Release|Win32.ActiveCfg = Release|Win32
{533E70AC-25FA-40DA-920A-EE094F28D670}.Release|Win32.Build.0 = Release|Win32
{533E70AC-25FA-40DA-920A-EE094F28D670}.Release|x64.ActiveCfg = Release|x64
{533E70AC-25FA-40DA-920A-EE094F28D670}.Release|x64.Build.0 = Release|x64
{DCB748AE-B467-44BD-9ADC-81606F0B3CFD}.Debug|Win32.ActiveCfg = Debug|Win32
{DCB748AE-B467-44BD-9ADC-81606F0B3CFD}.Debug|Win32.Build.0 = Debug|Win32
{DCB748AE-B467-44BD-9ADC-81606F0B3CFD}.Debug|x64.ActiveCfg = Debug|x64
{DCB748AE-B467-44BD-9ADC-81606F0B3CFD}.Debug|x64.Build.0 = Debug|x64
{DCB748AE-B467-44BD-9ADC-81606F0B3CFD}.Release|Win32.ActiveCfg = Release|Win32
{DCB748AE-B467-44BD-9ADC-81606F0B3CFD}.Release|Win32.Build.0 = Release|Win32
{DCB748AE-B467-44BD-9ADC-81606F0B3CFD}.Release|x64.ActiveCfg = Release|x64
{DCB748AE-B467-44BD-9ADC-81606F0B3CFD}.Release|x64.Build.0 = Release|x64
{675F9FFE-EEA9-4E2D-8A19-69F925977AA2}.Debug|Win32.ActiveCfg = Debug|Win32
{675F9FFE-EEA9-4E2D-8A19-69F925977AA2}.Debug|Win32.Build.0 = Debug|Win32
{675F9FFE-EEA9-4E2D-8A19-69F925977AA2}.Debug|x64.ActiveCfg = Debug|x64
{675F9FFE-EEA9-4E2D-8A19-69F925977AA2}.Debug|x64.Build.0 = Debug|x64
{675F9FFE-EEA9-4E2D-8A19-69F925977AA2}.Release|Win32.ActiveCfg = Release|Win32
{675F9FFE-EEA9-4E2D-8A19-69F925977AA2}.Release|Win32.Build.0 = Release|Win32
{675F9FFE-EEA9-4E2D-8A19-69F925977AA2}.Release|x64.ActiveCfg = Release|x64
{675F9FFE-EEA9-4E2D-8A19-69F925977AA2}.Release|x64.Build.0 = Release|x64
{E704ED3F-CF41-4116-9253-C2D9C1F4A92E}.Debug|Win32.ActiveCfg = Debug|Win32
{E704ED3F-CF41-4116-9253-C2D9C1F4A92E}.Debug|Win32.Build.0 = Debug|Win32
{E704ED3F-CF41-4116-9253-C2D9C1F4A92E}.Debug|x64.ActiveCfg = Debug|x64
{E704ED3F-CF41-4116-9253-C2D9C1F4A92E}.Debug|x64.Build.0 = Debug|x64
{E704ED3F-CF41-4116-9253-C2D9C1F4A92E}.Release|Win32.ActiveCfg = Release|Win32
{E704ED3F-CF41-4116-9253-C2D9C1F4A92E}.Release|Win32.Build.0 = Release|Win32
{E704ED3F-CF41-4116-9253-C2D9C1F4A92E}.Release|x64.ActiveCfg = Release|x64
{E704ED3F-CF41-4116-9253-C2D9C1F4A92E}.Release|x64.Build.0 = Release|x64
{595313BE-93E0-4096-8820-851DC451B34F}.Debug|Win32.ActiveCfg = Debug|Win32
{595313BE-93E0-4096-8820-851DC451B34F}.Debug|Win32.Build.0 = Debug|Win32
{595313BE-93E0-4096-8820-851DC451B34F}.Debug|x64.ActiveCfg = Debug|x64
{595313BE-93E0-4096-8820-851DC451B34F}.Debug|x64.Build.0 = Debug|x64
{595313BE-93E0-4096-8820-851DC451B34F}.Release|Win32.ActiveCfg = Release|Win32
{595313BE-93E0-4096-8820-851DC451B34F}.Release|Win32.Build.0 = Release|Win32
{595313BE-93E0-4096-8820-851DC451B34F}.Release|x64.ActiveCfg = Release|x64
{595313BE-93E0-4096-8820-851DC451B34F}.Release|x64.Build.0 = Release|x64
{CF4840CE-30F2-4D5C-85B6-A90C091BD59B}.Debug|Win32.ActiveCfg = Debug|Win32
{CF4840CE-30F2-4D5C-85B6-A90C091BD59B}.Debug|Win32.Build.0 = Debug|Win32
{CF4840CE-30F2-4D5C-85B6-A90C091BD59B}.Debug|x64.ActiveCfg = Debug|x64
{CF4840CE-30F2-4D5C-85B6-A90C091BD59B}.Debug|x64.Build.0 = Debug|x64
{CF4840CE-30F2-4D5C-85B6-A90C091BD59B}.Release|Win32.ActiveCfg = Release|Win32
{CF4840CE-30F2-4D5C-85B6-A90C091BD59B}.Release|Win32.Build.0 = Release|Win32
{CF4840CE-30F2-4D5C-85B6-A90C091BD59B}.Release|x64.ActiveCfg = Release|x64
{CF4840CE-30F2-4D5C-85B6-A90C091BD59B}.Release|x64.Build.0 = Release|x64
{BCAA7C5D-8997-437D-B7AE-E91E967E78E0}.Debug|Win32.ActiveCfg = Debug|Win32
{BCAA7C5D-8997-437D-B7AE-E91E967E78E0}.Debug|Win32.Build.0 = Debug|Win32
{BCAA7C5D-8997-437D-B7AE-E91E967E78E0}.Debug|x64.ActiveCfg = Debug|x64
{BCAA7C5D-8997-437D-B7AE-E91E967E78E0}.Debug|x64.Build.0 = Debug|x64
{BCAA7C5D-8997-437D-B7AE-E91E967E78E0}.Release|Win32.ActiveCfg = Release|Win32
{BCAA7C5D-8997-437D-B7AE-E91E967E78E0}.Release|Win32.Build.0 = Release|Win32
{BCAA7C5D-8997-437D-B7AE-E91E967E78E0}.Release|x64.ActiveCfg = Release|x64
{BCAA7C5D-8997-437D-B7AE-E91E967E78E0}.Release|x64.Build.0 = Release|x64
{D17525D5-41A0-43E3-8566-36C0434C0C25}.Debug|Win32.ActiveCfg = Debug|Win32
{D17525D5-41A0-43E3-8566-36C0434C0C25}.Debug|Win32.Build.0 = Debug|Win32
{D17525D5-41A0-43E3-8566-36C0434C0C25}.Debug|x64.ActiveCfg = Debug|x64
{D17525D5-41A0-43E3-8566-36C0434C0C25}.Debug|x64.Build.0 = Debug|x64
{D17525D5-41A0-43E3-8566-36C0434C0C25}.Release|Win32.ActiveCfg = Release|Win32
{D17525D5-41A0-43E3-8566-36C0434C0C25}.Release|Win32.Build.0 = Release|Win32
{D17525D5-41A0-43E3-8566-36C0434C0C25}.Release|x64.ActiveCfg = Release|x64
{D17525D5-41A0-43E3-8566-36C0434C0C25}.Release|x64.Build.0 = Release|x64
{86C347EB-C173-452A-8BF3-1941B73AE856}.Debug|Win32.ActiveCfg = Debug|Win32
{86C347EB-C173-452A-8BF3-1941B73AE856}.Debug|Win32.Build.0 = Debug|Win32
{86C347EB-C173-452A-8BF3-1941B73AE856}.Debug|x64.ActiveCfg = Debug|x64
{86C347EB-C173-452A-8BF3-1941B73AE856}.Debug|x64.Build.0 = Debug|x64
{86C347EB-C173-452A-8BF3-1941B73AE856}.Release|Win32.ActiveCfg = Release|Win32
{86C347EB-C173-452A-8BF3-1941B73AE856}.Release|Win32.Build.0 = Release|Win32
{86C347EB-C173-452A-8BF3-1941B73AE856}.Release|x64.ActiveCfg = Release|x64
{86C347EB-C173-452A-8BF3-1941B73AE856}.Release|x64.Build.0 = Release|x64
{30710A54-5D38-4F40-BB56-0D8778A659E0}.Debug|Win32.ActiveCfg = Debug|Win32
{30710A54-5D38-4F40-BB56-0D8778A659E0}.Debug|Win32.Build.0 = Debug|Win32
{30710A54-5D38-4F40-BB56-0D8778A659E0}.Debug|x64.ActiveCfg = Debug|x64
{30710A54-5D38-4F40-BB56-0D8778A659E0}.Debug|x64.Build.0 = Debug|x64
{30710A54-5D38-4F40-BB56-0D8778A659E0}.Release|Win32.ActiveCfg = Release|Win32
{30710A54-5D38-4F40-BB56-0D8778A659E0}.Release|Win32.Build.0 = Release|Win32
{30710A54-5D38-4F40-BB56-0D8778A659E0}.Release|x64.ActiveCfg = Release|x64
{30710A54-5D38-4F40-BB56-0D8778A659E0}.Release|x64.Build.0 = Release|x64
{9F77100C-0689-451F-82FA-EA7E36C74716}.Debug|Win32.ActiveCfg = Debug|Win32
{9F77100C-0689-451F-82FA-EA7E36C74716}.Debug|Win32.Build.0 = Debug|Win32
{9F77100C-0689-451F-82FA-EA7E36C74716}.Debug|x64.ActiveCfg = Debug|x64
{9F77100C-0689-451F-82FA-EA7E36C74716}.Debug|x64.Build.0 = Debug|x64
{9F77100C-0689-451F-82FA-EA7E36C74716}.Release|Win32.ActiveCfg = Release|Win32
{9F77100C-0689-451F-82FA-EA7E36C74716}.Release|Win32.Build.0 = Release|Win32
{9F77100C-0689-451F-82FA-EA7E36C74716}.Release|x64.ActiveCfg = Release|x64
{9F77100C-0689-451F-82FA-EA7E36C74716}.Release|x64.Build.0 = Release|x64
{1340979D-AA06-46BB-82E2-644192E233CF}.Debug|Win32.ActiveCfg = Debug|Win32
{1340979D-AA06-46BB-82E2-644192E233CF}.Debug|Win32.Build.0 = Debug|Win32
{1340979D-AA06-46BB-82E2-644192E233CF}.Debug|x64.ActiveCfg = Debug|x64
{1340979D-AA06-46BB-82E2-644192E233CF}.Debug|x64.Build.0 = Debug|x64
{1340979D-AA06-46BB-82E2-644192E233CF}.Release|Win32.ActiveCfg = Release|Win32
{1340979D-AA06-46BB-82E2-644192E233CF}.Release|Win32.Build.0 = Release|Win32
{1340979D-AA06-46BB-82E2-644192E233CF}.Release|x64.ActiveCfg = Release|x64
{1340979D-AA06-46BB-82E2-644192E233CF}.Release|x64.Build.0 = Release|x64
{61DB34B3-8C70-4F29-B0B8-F3B37281CAAF}.Debug|Win32.ActiveCfg = Debug|Win32
{61DB34B3-8C70-4F29-B0B8-F3B37281CAAF}.Debug|Win32.Build.0 = Debug|Win32
{61DB34B3-8C70-4F29-B0B8-F3B37281CAAF}.Debug|x64.ActiveCfg = Debug|x64
{61DB34B3-8C70-4F29-B0B8-F3B37281CAAF}.Debug|x64.Build.0 = Debug|x64
{61DB34B3-8C70-4F29-B0B8-F3B37281CAAF}.Release|Win32.ActiveCfg = Release|Win32
{61DB34B3-8C70-4F29-B0B8-F3B37281CAAF}.Release|Win32.Build.0 = Release|Win32
{61DB34B3-8C70-4F29-B0B8-F3B37281CAAF}.Release|x64.ActiveCfg = Release|x64
{61DB34B3-8C70-4F29-B0B8-F3B37281CAAF}.Release|x64.Build.0 = Release|x64
EndGlobalSection

      GlobalSection(SolutionProperties) = preSolution
        HideSolutionNode = FALSE
      EndGlobalSection
    EndGlobal
