Microsoft Visual Studio Solution File, Format Version 11.00
# Visual Studio 2010
Project("{8BC9CEB8-8B4A-11D0-8D11-00A0C91BC942}") = "prep", "appweb-windows-openssl_10\prep.vcxproj", "{F2C6A177-8E3C-4E40-A3CB-4BAAAF3EA339}"
	ProjectSection(ProjectDependencies) = postProject
		{F2C6A177-8E3C-4E40-A3CB-4BAAAF3EA339} = {F2C6A177-8E3C-4E40-A3CB-4BAAAF3EA339}
	EndProjectSection
EndProject
Project("{8BC9CEB8-8B4A-11D0-8D11-00A0C91BC942}") = "libmpr", "appweb-windows-openssl_10\libmpr.vcxproj", "{C9743826-0A58-4F00-B2CF-5086B63FF233}"
	ProjectSection(ProjectDependencies) = postProject
		{F2C6A177-8E3C-4E40-A3CB-4BAAAF3EA339} = {F2C6A177-8E3C-4E40-A3CB-4BAAAF3EA339}
	EndProjectSection
	ProjectSection(ProjectDependencies) = postProject
		{24BE26D8-47E2-4825-9E96-658ADF6CC344} = {24BE26D8-47E2-4825-9E96-658ADF6CC344}
	EndProjectSection
	ProjectSection(ProjectDependencies) = postProject
		{C9743826-0A58-4F00-B2CF-5086B63FF233} = {C9743826-0A58-4F00-B2CF-5086B63FF233}
	EndProjectSection
EndProject
Project("{8BC9CEB8-8B4A-11D0-8D11-00A0C91BC942}") = "libpcre", "appweb-windows-openssl_10\libpcre.vcxproj", "{702057F5-4C12-4224-BFFA-B2E4030981D0}"
	ProjectSection(ProjectDependencies) = postProject
		{F2C6A177-8E3C-4E40-A3CB-4BAAAF3EA339} = {F2C6A177-8E3C-4E40-A3CB-4BAAAF3EA339}
	EndProjectSection
	ProjectSection(ProjectDependencies) = postProject
		{702057F5-4C12-4224-BFFA-B2E4030981D0} = {702057F5-4C12-4224-BFFA-B2E4030981D0}
	EndProjectSection
EndProject
Project("{8BC9CEB8-8B4A-11D0-8D11-00A0C91BC942}") = "libhttp", "appweb-windows-openssl_10\libhttp.vcxproj", "{59F9BCB6-59D1-4952-8876-40D3ADA2090B}"
	ProjectSection(ProjectDependencies) = postProject
		{F2C6A177-8E3C-4E40-A3CB-4BAAAF3EA339} = {F2C6A177-8E3C-4E40-A3CB-4BAAAF3EA339}
	EndProjectSection
	ProjectSection(ProjectDependencies) = postProject
		{24BE26D8-47E2-4825-9E96-658ADF6CC344} = {24BE26D8-47E2-4825-9E96-658ADF6CC344}
	EndProjectSection
	ProjectSection(ProjectDependencies) = postProject
		{C9743826-0A58-4F00-B2CF-5086B63FF233} = {C9743826-0A58-4F00-B2CF-5086B63FF233}
	EndProjectSection
	ProjectSection(ProjectDependencies) = postProject
		{702057F5-4C12-4224-BFFA-B2E4030981D0} = {702057F5-4C12-4224-BFFA-B2E4030981D0}
	EndProjectSection
	ProjectSection(ProjectDependencies) = postProject
		{59F9BCB6-59D1-4952-8876-40D3ADA2090B} = {59F9BCB6-59D1-4952-8876-40D3ADA2090B}
	EndProjectSection
EndProject
Project("{8BC9CEB8-8B4A-11D0-8D11-00A0C91BC942}") = "libmpr-version", "appweb-windows-openssl_10\libmpr-version.vcxproj", "{88F94E88-42A9-4A84-B1A2-A1B546E1A3B8}"
	ProjectSection(ProjectDependencies) = postProject
		{F2C6A177-8E3C-4E40-A3CB-4BAAAF3EA339} = {F2C6A177-8E3C-4E40-A3CB-4BAAAF3EA339}
	EndProjectSection
	ProjectSection(ProjectDependencies) = postProject
		{88F94E88-42A9-4A84-B1A2-A1B546E1A3B8} = {88F94E88-42A9-4A84-B1A2-A1B546E1A3B8}
	EndProjectSection
EndProject
Project("{8BC9CEB8-8B4A-11D0-8D11-00A0C91BC942}") = "libesp", "appweb-windows-openssl_10\libesp.vcxproj", "{53A6C412-C0DC-4619-AD6F-A1ACD1D69860}"
	ProjectSection(ProjectDependencies) = postProject
		{F2C6A177-8E3C-4E40-A3CB-4BAAAF3EA339} = {F2C6A177-8E3C-4E40-A3CB-4BAAAF3EA339}
	EndProjectSection
	ProjectSection(ProjectDependencies) = postProject
		{24BE26D8-47E2-4825-9E96-658ADF6CC344} = {24BE26D8-47E2-4825-9E96-658ADF6CC344}
	EndProjectSection
	ProjectSection(ProjectDependencies) = postProject
		{C9743826-0A58-4F00-B2CF-5086B63FF233} = {C9743826-0A58-4F00-B2CF-5086B63FF233}
	EndProjectSection
	ProjectSection(ProjectDependencies) = postProject
		{702057F5-4C12-4224-BFFA-B2E4030981D0} = {702057F5-4C12-4224-BFFA-B2E4030981D0}
	EndProjectSection
	ProjectSection(ProjectDependencies) = postProject
		{59F9BCB6-59D1-4952-8876-40D3ADA2090B} = {59F9BCB6-59D1-4952-8876-40D3ADA2090B}
	EndProjectSection
	ProjectSection(ProjectDependencies) = postProject
		{88F94E88-42A9-4A84-B1A2-A1B546E1A3B8} = {88F94E88-42A9-4A84-B1A2-A1B546E1A3B8}
	EndProjectSection
	ProjectSection(ProjectDependencies) = postProject
		{53A6C412-C0DC-4619-AD6F-A1ACD1D69860} = {53A6C412-C0DC-4619-AD6F-A1ACD1D69860}
	EndProjectSection
EndProject
Project("{8BC9CEB8-8B4A-11D0-8D11-00A0C91BC942}") = "libappweb", "appweb-windows-openssl_10\libappweb.vcxproj", "{AA55C74F-243E-4B00-81F4-AE5C67484D7C}"
	ProjectSection(ProjectDependencies) = postProject
		{F2C6A177-8E3C-4E40-A3CB-4BAAAF3EA339} = {F2C6A177-8E3C-4E40-A3CB-4BAAAF3EA339}
	EndProjectSection
	ProjectSection(ProjectDependencies) = postProject
		{24BE26D8-47E2-4825-9E96-658ADF6CC344} = {24BE26D8-47E2-4825-9E96-658ADF6CC344}
	EndProjectSection
	ProjectSection(ProjectDependencies) = postProject
		{C9743826-0A58-4F00-B2CF-5086B63FF233} = {C9743826-0A58-4F00-B2CF-5086B63FF233}
	EndProjectSection
	ProjectSection(ProjectDependencies) = postProject
		{702057F5-4C12-4224-BFFA-B2E4030981D0} = {702057F5-4C12-4224-BFFA-B2E4030981D0}
	EndProjectSection
	ProjectSection(ProjectDependencies) = postProject
		{59F9BCB6-59D1-4952-8876-40D3ADA2090B} = {59F9BCB6-59D1-4952-8876-40D3ADA2090B}
	EndProjectSection
	ProjectSection(ProjectDependencies) = postProject
		{88F94E88-42A9-4A84-B1A2-A1B546E1A3B8} = {88F94E88-42A9-4A84-B1A2-A1B546E1A3B8}
	EndProjectSection
	ProjectSection(ProjectDependencies) = postProject
		{53A6C412-C0DC-4619-AD6F-A1ACD1D69860} = {53A6C412-C0DC-4619-AD6F-A1ACD1D69860}
	EndProjectSection
	ProjectSection(ProjectDependencies) = postProject
		{AA55C74F-243E-4B00-81F4-AE5C67484D7C} = {AA55C74F-243E-4B00-81F4-AE5C67484D7C}
	EndProjectSection
EndProject
Project("{8BC9CEB8-8B4A-11D0-8D11-00A0C91BC942}") = "appweb", "appweb-windows-openssl_10\appweb.vcxproj", "{DC9C7A04-C66F-4BEF-9F9B-9743E172CE5C}"
	ProjectSection(ProjectDependencies) = postProject
		{F2C6A177-8E3C-4E40-A3CB-4BAAAF3EA339} = {F2C6A177-8E3C-4E40-A3CB-4BAAAF3EA339}
	EndProjectSection
	ProjectSection(ProjectDependencies) = postProject
		{24BE26D8-47E2-4825-9E96-658ADF6CC344} = {24BE26D8-47E2-4825-9E96-658ADF6CC344}
	EndProjectSection
	ProjectSection(ProjectDependencies) = postProject
		{C9743826-0A58-4F00-B2CF-5086B63FF233} = {C9743826-0A58-4F00-B2CF-5086B63FF233}
	EndProjectSection
	ProjectSection(ProjectDependencies) = postProject
		{702057F5-4C12-4224-BFFA-B2E4030981D0} = {702057F5-4C12-4224-BFFA-B2E4030981D0}
	EndProjectSection
	ProjectSection(ProjectDependencies) = postProject
		{59F9BCB6-59D1-4952-8876-40D3ADA2090B} = {59F9BCB6-59D1-4952-8876-40D3ADA2090B}
	EndProjectSection
	ProjectSection(ProjectDependencies) = postProject
		{88F94E88-42A9-4A84-B1A2-A1B546E1A3B8} = {88F94E88-42A9-4A84-B1A2-A1B546E1A3B8}
	EndProjectSection
	ProjectSection(ProjectDependencies) = postProject
		{53A6C412-C0DC-4619-AD6F-A1ACD1D69860} = {53A6C412-C0DC-4619-AD6F-A1ACD1D69860}
	EndProjectSection
	ProjectSection(ProjectDependencies) = postProject
		{AA55C74F-243E-4B00-81F4-AE5C67484D7C} = {AA55C74F-243E-4B00-81F4-AE5C67484D7C}
	EndProjectSection
	ProjectSection(ProjectDependencies) = postProject
		{DC9C7A04-C66F-4BEF-9F9B-9743E172CE5C} = {DC9C7A04-C66F-4BEF-9F9B-9743E172CE5C}
	EndProjectSection
EndProject
Project("{8BC9CEB8-8B4A-11D0-8D11-00A0C91BC942}") = "appwebMonitor", "appweb-windows-openssl_10\appwebMonitor.vcxproj", "{6808CC20-0F35-4BEB-9067-48EF81B42A15}"
	ProjectSection(ProjectDependencies) = postProject
		{F2C6A177-8E3C-4E40-A3CB-4BAAAF3EA339} = {F2C6A177-8E3C-4E40-A3CB-4BAAAF3EA339}
	EndProjectSection
	ProjectSection(ProjectDependencies) = postProject
		{24BE26D8-47E2-4825-9E96-658ADF6CC344} = {24BE26D8-47E2-4825-9E96-658ADF6CC344}
	EndProjectSection
	ProjectSection(ProjectDependencies) = postProject
		{C9743826-0A58-4F00-B2CF-5086B63FF233} = {C9743826-0A58-4F00-B2CF-5086B63FF233}
	EndProjectSection
	ProjectSection(ProjectDependencies) = postProject
		{702057F5-4C12-4224-BFFA-B2E4030981D0} = {702057F5-4C12-4224-BFFA-B2E4030981D0}
	EndProjectSection
	ProjectSection(ProjectDependencies) = postProject
		{59F9BCB6-59D1-4952-8876-40D3ADA2090B} = {59F9BCB6-59D1-4952-8876-40D3ADA2090B}
	EndProjectSection
	ProjectSection(ProjectDependencies) = postProject
		{88F94E88-42A9-4A84-B1A2-A1B546E1A3B8} = {88F94E88-42A9-4A84-B1A2-A1B546E1A3B8}
	EndProjectSection
	ProjectSection(ProjectDependencies) = postProject
		{53A6C412-C0DC-4619-AD6F-A1ACD1D69860} = {53A6C412-C0DC-4619-AD6F-A1ACD1D69860}
	EndProjectSection
	ProjectSection(ProjectDependencies) = postProject
		{AA55C74F-243E-4B00-81F4-AE5C67484D7C} = {AA55C74F-243E-4B00-81F4-AE5C67484D7C}
	EndProjectSection
	ProjectSection(ProjectDependencies) = postProject
		{6808CC20-0F35-4BEB-9067-48EF81B42A15} = {6808CC20-0F35-4BEB-9067-48EF81B42A15}
	EndProjectSection
EndProject
Project("{8BC9CEB8-8B4A-11D0-8D11-00A0C91BC942}") = "appwebMonitor.ico", "appweb-windows-openssl_10\appwebMonitor.ico.vcxproj", "{71F8FB3F-C8FC-48FC-9DBD-2220D66490A7}"
	ProjectSection(ProjectDependencies) = postProject
		{F2C6A177-8E3C-4E40-A3CB-4BAAAF3EA339} = {F2C6A177-8E3C-4E40-A3CB-4BAAAF3EA339}
	EndProjectSection
	ProjectSection(ProjectDependencies) = postProject
		{71F8FB3F-C8FC-48FC-9DBD-2220D66490A7} = {71F8FB3F-C8FC-48FC-9DBD-2220D66490A7}
	EndProjectSection
EndProject
Project("{8BC9CEB8-8B4A-11D0-8D11-00A0C91BC942}") = "authpass", "appweb-windows-openssl_10\authpass.vcxproj", "{DCA7F41E-E95C-4492-865D-503CBF245C57}"
	ProjectSection(ProjectDependencies) = postProject
		{F2C6A177-8E3C-4E40-A3CB-4BAAAF3EA339} = {F2C6A177-8E3C-4E40-A3CB-4BAAAF3EA339}
	EndProjectSection
	ProjectSection(ProjectDependencies) = postProject
		{24BE26D8-47E2-4825-9E96-658ADF6CC344} = {24BE26D8-47E2-4825-9E96-658ADF6CC344}
	EndProjectSection
	ProjectSection(ProjectDependencies) = postProject
		{C9743826-0A58-4F00-B2CF-5086B63FF233} = {C9743826-0A58-4F00-B2CF-5086B63FF233}
	EndProjectSection
	ProjectSection(ProjectDependencies) = postProject
		{702057F5-4C12-4224-BFFA-B2E4030981D0} = {702057F5-4C12-4224-BFFA-B2E4030981D0}
	EndProjectSection
	ProjectSection(ProjectDependencies) = postProject
		{59F9BCB6-59D1-4952-8876-40D3ADA2090B} = {59F9BCB6-59D1-4952-8876-40D3ADA2090B}
	EndProjectSection
	ProjectSection(ProjectDependencies) = postProject
		{88F94E88-42A9-4A84-B1A2-A1B546E1A3B8} = {88F94E88-42A9-4A84-B1A2-A1B546E1A3B8}
	EndProjectSection
	ProjectSection(ProjectDependencies) = postProject
		{53A6C412-C0DC-4619-AD6F-A1ACD1D69860} = {53A6C412-C0DC-4619-AD6F-A1ACD1D69860}
	EndProjectSection
	ProjectSection(ProjectDependencies) = postProject
		{AA55C74F-243E-4B00-81F4-AE5C67484D7C} = {AA55C74F-243E-4B00-81F4-AE5C67484D7C}
	EndProjectSection
	ProjectSection(ProjectDependencies) = postProject
		{DCA7F41E-E95C-4492-865D-503CBF245C57} = {DCA7F41E-E95C-4492-865D-503CBF245C57}
	EndProjectSection
EndProject
Project("{8BC9CEB8-8B4A-11D0-8D11-00A0C91BC942}") = "espcmd", "appweb-windows-openssl_10\espcmd.vcxproj", "{F2D41EE0-3B27-4AB1-9A9C-37B3BAAC2A64}"
	ProjectSection(ProjectDependencies) = postProject
		{F2C6A177-8E3C-4E40-A3CB-4BAAAF3EA339} = {F2C6A177-8E3C-4E40-A3CB-4BAAAF3EA339}
	EndProjectSection
	ProjectSection(ProjectDependencies) = postProject
		{24BE26D8-47E2-4825-9E96-658ADF6CC344} = {24BE26D8-47E2-4825-9E96-658ADF6CC344}
	EndProjectSection
	ProjectSection(ProjectDependencies) = postProject
		{C9743826-0A58-4F00-B2CF-5086B63FF233} = {C9743826-0A58-4F00-B2CF-5086B63FF233}
	EndProjectSection
	ProjectSection(ProjectDependencies) = postProject
		{702057F5-4C12-4224-BFFA-B2E4030981D0} = {702057F5-4C12-4224-BFFA-B2E4030981D0}
	EndProjectSection
	ProjectSection(ProjectDependencies) = postProject
		{59F9BCB6-59D1-4952-8876-40D3ADA2090B} = {59F9BCB6-59D1-4952-8876-40D3ADA2090B}
	EndProjectSection
	ProjectSection(ProjectDependencies) = postProject
		{88F94E88-42A9-4A84-B1A2-A1B546E1A3B8} = {88F94E88-42A9-4A84-B1A2-A1B546E1A3B8}
	EndProjectSection
	ProjectSection(ProjectDependencies) = postProject
		{53A6C412-C0DC-4619-AD6F-A1ACD1D69860} = {53A6C412-C0DC-4619-AD6F-A1ACD1D69860}
	EndProjectSection
	ProjectSection(ProjectDependencies) = postProject
		{F2D41EE0-3B27-4AB1-9A9C-37B3BAAC2A64} = {F2D41EE0-3B27-4AB1-9A9C-37B3BAAC2A64}
	EndProjectSection
EndProject
Project("{8BC9CEB8-8B4A-11D0-8D11-00A0C91BC942}") = "extras", "appweb-windows-openssl_10\extras.vcxproj", "{94B93666-9720-40A4-A98A-730ED5AC4D7D}"
	ProjectSection(ProjectDependencies) = postProject
		{F2C6A177-8E3C-4E40-A3CB-4BAAAF3EA339} = {F2C6A177-8E3C-4E40-A3CB-4BAAAF3EA339}
	EndProjectSection
	ProjectSection(ProjectDependencies) = postProject
		{94B93666-9720-40A4-A98A-730ED5AC4D7D} = {94B93666-9720-40A4-A98A-730ED5AC4D7D}
	EndProjectSection
EndProject
Project("{8BC9CEB8-8B4A-11D0-8D11-00A0C91BC942}") = "httpcmd", "appweb-windows-openssl_10\httpcmd.vcxproj", "{C269A7E2-6DAB-43BE-B758-BB76ADEEA35A}"
	ProjectSection(ProjectDependencies) = postProject
		{F2C6A177-8E3C-4E40-A3CB-4BAAAF3EA339} = {F2C6A177-8E3C-4E40-A3CB-4BAAAF3EA339}
	EndProjectSection
	ProjectSection(ProjectDependencies) = postProject
		{24BE26D8-47E2-4825-9E96-658ADF6CC344} = {24BE26D8-47E2-4825-9E96-658ADF6CC344}
	EndProjectSection
	ProjectSection(ProjectDependencies) = postProject
		{C9743826-0A58-4F00-B2CF-5086B63FF233} = {C9743826-0A58-4F00-B2CF-5086B63FF233}
	EndProjectSection
	ProjectSection(ProjectDependencies) = postProject
		{702057F5-4C12-4224-BFFA-B2E4030981D0} = {702057F5-4C12-4224-BFFA-B2E4030981D0}
	EndProjectSection
	ProjectSection(ProjectDependencies) = postProject
		{59F9BCB6-59D1-4952-8876-40D3ADA2090B} = {59F9BCB6-59D1-4952-8876-40D3ADA2090B}
	EndProjectSection
	ProjectSection(ProjectDependencies) = postProject
		{C269A7E2-6DAB-43BE-B758-BB76ADEEA35A} = {C269A7E2-6DAB-43BE-B758-BB76ADEEA35A}
	EndProjectSection
EndProject
Project("{8BC9CEB8-8B4A-11D0-8D11-00A0C91BC942}") = "install-certs", "appweb-windows-openssl_10\install-certs.vcxproj", "{313AFF41-96D9-4706-8381-E0345F7D1495}"
	ProjectSection(ProjectDependencies) = postProject
		{F2C6A177-8E3C-4E40-A3CB-4BAAAF3EA339} = {F2C6A177-8E3C-4E40-A3CB-4BAAAF3EA339}
	EndProjectSection
	ProjectSection(ProjectDependencies) = postProject
		{313AFF41-96D9-4706-8381-E0345F7D1495} = {313AFF41-96D9-4706-8381-E0345F7D1495}
	EndProjectSection
EndProject
Project("{8BC9CEB8-8B4A-11D0-8D11-00A0C91BC942}") = "libmpr-openssl", "appweb-windows-openssl_10\libmpr-openssl.vcxproj", "{24BE26D8-47E2-4825-9E96-658ADF6CC344}"
	ProjectSection(ProjectDependencies) = postProject
		{F2C6A177-8E3C-4E40-A3CB-4BAAAF3EA339} = {F2C6A177-8E3C-4E40-A3CB-4BAAAF3EA339}
	EndProjectSection
	ProjectSection(ProjectDependencies) = postProject
		{24BE26D8-47E2-4825-9E96-658ADF6CC344} = {24BE26D8-47E2-4825-9E96-658ADF6CC344}
	EndProjectSection
EndProject
Project("{8BC9CEB8-8B4A-11D0-8D11-00A0C91BC942}") = "makerom", "appweb-windows-openssl_10\makerom.vcxproj", "{118E6688-AE4C-4034-8A72-C72F9803C844}"
	ProjectSection(ProjectDependencies) = postProject
		{F2C6A177-8E3C-4E40-A3CB-4BAAAF3EA339} = {F2C6A177-8E3C-4E40-A3CB-4BAAAF3EA339}
	EndProjectSection
	ProjectSection(ProjectDependencies) = postProject
		{24BE26D8-47E2-4825-9E96-658ADF6CC344} = {24BE26D8-47E2-4825-9E96-658ADF6CC344}
	EndProjectSection
	ProjectSection(ProjectDependencies) = postProject
		{C9743826-0A58-4F00-B2CF-5086B63FF233} = {C9743826-0A58-4F00-B2CF-5086B63FF233}
	EndProjectSection
	ProjectSection(ProjectDependencies) = postProject
		{118E6688-AE4C-4034-8A72-C72F9803C844} = {118E6688-AE4C-4034-8A72-C72F9803C844}
	EndProjectSection
EndProject
Project("{8BC9CEB8-8B4A-11D0-8D11-00A0C91BC942}") = "server", "appweb-windows-openssl_10\server.vcxproj", "{23357544-8819-4779-82A6-D3811EE6A914}"
	ProjectSection(ProjectDependencies) = postProject
		{F2C6A177-8E3C-4E40-A3CB-4BAAAF3EA339} = {F2C6A177-8E3C-4E40-A3CB-4BAAAF3EA339}
	EndProjectSection
	ProjectSection(ProjectDependencies) = postProject
		{24BE26D8-47E2-4825-9E96-658ADF6CC344} = {24BE26D8-47E2-4825-9E96-658ADF6CC344}
	EndProjectSection
	ProjectSection(ProjectDependencies) = postProject
		{C9743826-0A58-4F00-B2CF-5086B63FF233} = {C9743826-0A58-4F00-B2CF-5086B63FF233}
	EndProjectSection
	ProjectSection(ProjectDependencies) = postProject
		{702057F5-4C12-4224-BFFA-B2E4030981D0} = {702057F5-4C12-4224-BFFA-B2E4030981D0}
	EndProjectSection
	ProjectSection(ProjectDependencies) = postProject
		{59F9BCB6-59D1-4952-8876-40D3ADA2090B} = {59F9BCB6-59D1-4952-8876-40D3ADA2090B}
	EndProjectSection
	ProjectSection(ProjectDependencies) = postProject
		{23357544-8819-4779-82A6-D3811EE6A914} = {23357544-8819-4779-82A6-D3811EE6A914}
	EndProjectSection
EndProject
Project("{8BC9CEB8-8B4A-11D0-8D11-00A0C91BC942}") = "server-cache", "appweb-windows-openssl_10\server-cache.vcxproj", "{B7AD2EFE-9A1B-42B0-A167-AE52E8EC6611}"
	ProjectSection(ProjectDependencies) = postProject
		{F2C6A177-8E3C-4E40-A3CB-4BAAAF3EA339} = {F2C6A177-8E3C-4E40-A3CB-4BAAAF3EA339}
	EndProjectSection
	ProjectSection(ProjectDependencies) = postProject
		{B7AD2EFE-9A1B-42B0-A167-AE52E8EC6611} = {B7AD2EFE-9A1B-42B0-A167-AE52E8EC6611}
	EndProjectSection
EndProject
Project("{8BC9CEB8-8B4A-11D0-8D11-00A0C91BC942}") = "watchdog", "appweb-windows-openssl_10\watchdog.vcxproj", "{4C160CF9-0CFE-4673-80B2-0D60E650005C}"
	ProjectSection(ProjectDependencies) = postProject
		{F2C6A177-8E3C-4E40-A3CB-4BAAAF3EA339} = {F2C6A177-8E3C-4E40-A3CB-4BAAAF3EA339}
	EndProjectSection
	ProjectSection(ProjectDependencies) = postProject
		{24BE26D8-47E2-4825-9E96-658ADF6CC344} = {24BE26D8-47E2-4825-9E96-658ADF6CC344}
	EndProjectSection
	ProjectSection(ProjectDependencies) = postProject
		{C9743826-0A58-4F00-B2CF-5086B63FF233} = {C9743826-0A58-4F00-B2CF-5086B63FF233}
	EndProjectSection
	ProjectSection(ProjectDependencies) = postProject
		{4C160CF9-0CFE-4673-80B2-0D60E650005C} = {4C160CF9-0CFE-4673-80B2-0D60E650005C}
	EndProjectSection
EndProject

    Global
        GlobalSection(SolutionConfigurationPlatforms) = preSolution
            Debug|Win32 = Debug|Win32
            Debug|x64 = Debug|x64
            Release|Win32 = Release|Win32
            Release|x64 = Release|x64
        EndGlobalSection
        GlobalSection(ProjectConfigurationPlatforms) = postSolution
{F2C6A177-8E3C-4E40-A3CB-4BAAAF3EA339}.Debug|Win32.ActiveCfg = Debug|Win32
{F2C6A177-8E3C-4E40-A3CB-4BAAAF3EA339}.Debug|Win32.Build.0 = Debug|Win32
{F2C6A177-8E3C-4E40-A3CB-4BAAAF3EA339}.Debug|x64.ActiveCfg = Debug|x64
{F2C6A177-8E3C-4E40-A3CB-4BAAAF3EA339}.Debug|x64.Build.0 = Debug|x64
{F2C6A177-8E3C-4E40-A3CB-4BAAAF3EA339}.Release|Win32.ActiveCfg = Release|Win32
{F2C6A177-8E3C-4E40-A3CB-4BAAAF3EA339}.Release|Win32.Build.0 = Release|Win32
{F2C6A177-8E3C-4E40-A3CB-4BAAAF3EA339}.Release|x64.ActiveCfg = Release|x64
{F2C6A177-8E3C-4E40-A3CB-4BAAAF3EA339}.Release|x64.Build.0 = Release|x64
{C9743826-0A58-4F00-B2CF-5086B63FF233}.Debug|Win32.ActiveCfg = Debug|Win32
{C9743826-0A58-4F00-B2CF-5086B63FF233}.Debug|Win32.Build.0 = Debug|Win32
{C9743826-0A58-4F00-B2CF-5086B63FF233}.Debug|x64.ActiveCfg = Debug|x64
{C9743826-0A58-4F00-B2CF-5086B63FF233}.Debug|x64.Build.0 = Debug|x64
{C9743826-0A58-4F00-B2CF-5086B63FF233}.Release|Win32.ActiveCfg = Release|Win32
{C9743826-0A58-4F00-B2CF-5086B63FF233}.Release|Win32.Build.0 = Release|Win32
{C9743826-0A58-4F00-B2CF-5086B63FF233}.Release|x64.ActiveCfg = Release|x64
{C9743826-0A58-4F00-B2CF-5086B63FF233}.Release|x64.Build.0 = Release|x64
{702057F5-4C12-4224-BFFA-B2E4030981D0}.Debug|Win32.ActiveCfg = Debug|Win32
{702057F5-4C12-4224-BFFA-B2E4030981D0}.Debug|Win32.Build.0 = Debug|Win32
{702057F5-4C12-4224-BFFA-B2E4030981D0}.Debug|x64.ActiveCfg = Debug|x64
{702057F5-4C12-4224-BFFA-B2E4030981D0}.Debug|x64.Build.0 = Debug|x64
{702057F5-4C12-4224-BFFA-B2E4030981D0}.Release|Win32.ActiveCfg = Release|Win32
{702057F5-4C12-4224-BFFA-B2E4030981D0}.Release|Win32.Build.0 = Release|Win32
{702057F5-4C12-4224-BFFA-B2E4030981D0}.Release|x64.ActiveCfg = Release|x64
{702057F5-4C12-4224-BFFA-B2E4030981D0}.Release|x64.Build.0 = Release|x64
{59F9BCB6-59D1-4952-8876-40D3ADA2090B}.Debug|Win32.ActiveCfg = Debug|Win32
{59F9BCB6-59D1-4952-8876-40D3ADA2090B}.Debug|Win32.Build.0 = Debug|Win32
{59F9BCB6-59D1-4952-8876-40D3ADA2090B}.Debug|x64.ActiveCfg = Debug|x64
{59F9BCB6-59D1-4952-8876-40D3ADA2090B}.Debug|x64.Build.0 = Debug|x64
{59F9BCB6-59D1-4952-8876-40D3ADA2090B}.Release|Win32.ActiveCfg = Release|Win32
{59F9BCB6-59D1-4952-8876-40D3ADA2090B}.Release|Win32.Build.0 = Release|Win32
{59F9BCB6-59D1-4952-8876-40D3ADA2090B}.Release|x64.ActiveCfg = Release|x64
{59F9BCB6-59D1-4952-8876-40D3ADA2090B}.Release|x64.Build.0 = Release|x64
{88F94E88-42A9-4A84-B1A2-A1B546E1A3B8}.Debug|Win32.ActiveCfg = Debug|Win32
{88F94E88-42A9-4A84-B1A2-A1B546E1A3B8}.Debug|Win32.Build.0 = Debug|Win32
{88F94E88-42A9-4A84-B1A2-A1B546E1A3B8}.Debug|x64.ActiveCfg = Debug|x64
{88F94E88-42A9-4A84-B1A2-A1B546E1A3B8}.Debug|x64.Build.0 = Debug|x64
{88F94E88-42A9-4A84-B1A2-A1B546E1A3B8}.Release|Win32.ActiveCfg = Release|Win32
{88F94E88-42A9-4A84-B1A2-A1B546E1A3B8}.Release|Win32.Build.0 = Release|Win32
{88F94E88-42A9-4A84-B1A2-A1B546E1A3B8}.Release|x64.ActiveCfg = Release|x64
{88F94E88-42A9-4A84-B1A2-A1B546E1A3B8}.Release|x64.Build.0 = Release|x64
{53A6C412-C0DC-4619-AD6F-A1ACD1D69860}.Debug|Win32.ActiveCfg = Debug|Win32
{53A6C412-C0DC-4619-AD6F-A1ACD1D69860}.Debug|Win32.Build.0 = Debug|Win32
{53A6C412-C0DC-4619-AD6F-A1ACD1D69860}.Debug|x64.ActiveCfg = Debug|x64
{53A6C412-C0DC-4619-AD6F-A1ACD1D69860}.Debug|x64.Build.0 = Debug|x64
{53A6C412-C0DC-4619-AD6F-A1ACD1D69860}.Release|Win32.ActiveCfg = Release|Win32
{53A6C412-C0DC-4619-AD6F-A1ACD1D69860}.Release|Win32.Build.0 = Release|Win32
{53A6C412-C0DC-4619-AD6F-A1ACD1D69860}.Release|x64.ActiveCfg = Release|x64
{53A6C412-C0DC-4619-AD6F-A1ACD1D69860}.Release|x64.Build.0 = Release|x64
{AA55C74F-243E-4B00-81F4-AE5C67484D7C}.Debug|Win32.ActiveCfg = Debug|Win32
{AA55C74F-243E-4B00-81F4-AE5C67484D7C}.Debug|Win32.Build.0 = Debug|Win32
{AA55C74F-243E-4B00-81F4-AE5C67484D7C}.Debug|x64.ActiveCfg = Debug|x64
{AA55C74F-243E-4B00-81F4-AE5C67484D7C}.Debug|x64.Build.0 = Debug|x64
{AA55C74F-243E-4B00-81F4-AE5C67484D7C}.Release|Win32.ActiveCfg = Release|Win32
{AA55C74F-243E-4B00-81F4-AE5C67484D7C}.Release|Win32.Build.0 = Release|Win32
{AA55C74F-243E-4B00-81F4-AE5C67484D7C}.Release|x64.ActiveCfg = Release|x64
{AA55C74F-243E-4B00-81F4-AE5C67484D7C}.Release|x64.Build.0 = Release|x64
{DC9C7A04-C66F-4BEF-9F9B-9743E172CE5C}.Debug|Win32.ActiveCfg = Debug|Win32
{DC9C7A04-C66F-4BEF-9F9B-9743E172CE5C}.Debug|Win32.Build.0 = Debug|Win32
{DC9C7A04-C66F-4BEF-9F9B-9743E172CE5C}.Debug|x64.ActiveCfg = Debug|x64
{DC9C7A04-C66F-4BEF-9F9B-9743E172CE5C}.Debug|x64.Build.0 = Debug|x64
{DC9C7A04-C66F-4BEF-9F9B-9743E172CE5C}.Release|Win32.ActiveCfg = Release|Win32
{DC9C7A04-C66F-4BEF-9F9B-9743E172CE5C}.Release|Win32.Build.0 = Release|Win32
{DC9C7A04-C66F-4BEF-9F9B-9743E172CE5C}.Release|x64.ActiveCfg = Release|x64
{DC9C7A04-C66F-4BEF-9F9B-9743E172CE5C}.Release|x64.Build.0 = Release|x64
{6808CC20-0F35-4BEB-9067-48EF81B42A15}.Debug|Win32.ActiveCfg = Debug|Win32
{6808CC20-0F35-4BEB-9067-48EF81B42A15}.Debug|Win32.Build.0 = Debug|Win32
{6808CC20-0F35-4BEB-9067-48EF81B42A15}.Debug|x64.ActiveCfg = Debug|x64
{6808CC20-0F35-4BEB-9067-48EF81B42A15}.Debug|x64.Build.0 = Debug|x64
{6808CC20-0F35-4BEB-9067-48EF81B42A15}.Release|Win32.ActiveCfg = Release|Win32
{6808CC20-0F35-4BEB-9067-48EF81B42A15}.Release|Win32.Build.0 = Release|Win32
{6808CC20-0F35-4BEB-9067-48EF81B42A15}.Release|x64.ActiveCfg = Release|x64
{6808CC20-0F35-4BEB-9067-48EF81B42A15}.Release|x64.Build.0 = Release|x64
{71F8FB3F-C8FC-48FC-9DBD-2220D66490A7}.Debug|Win32.ActiveCfg = Debug|Win32
{71F8FB3F-C8FC-48FC-9DBD-2220D66490A7}.Debug|Win32.Build.0 = Debug|Win32
{71F8FB3F-C8FC-48FC-9DBD-2220D66490A7}.Debug|x64.ActiveCfg = Debug|x64
{71F8FB3F-C8FC-48FC-9DBD-2220D66490A7}.Debug|x64.Build.0 = Debug|x64
{71F8FB3F-C8FC-48FC-9DBD-2220D66490A7}.Release|Win32.ActiveCfg = Release|Win32
{71F8FB3F-C8FC-48FC-9DBD-2220D66490A7}.Release|Win32.Build.0 = Release|Win32
{71F8FB3F-C8FC-48FC-9DBD-2220D66490A7}.Release|x64.ActiveCfg = Release|x64
{71F8FB3F-C8FC-48FC-9DBD-2220D66490A7}.Release|x64.Build.0 = Release|x64
{DCA7F41E-E95C-4492-865D-503CBF245C57}.Debug|Win32.ActiveCfg = Debug|Win32
{DCA7F41E-E95C-4492-865D-503CBF245C57}.Debug|Win32.Build.0 = Debug|Win32
{DCA7F41E-E95C-4492-865D-503CBF245C57}.Debug|x64.ActiveCfg = Debug|x64
{DCA7F41E-E95C-4492-865D-503CBF245C57}.Debug|x64.Build.0 = Debug|x64
{DCA7F41E-E95C-4492-865D-503CBF245C57}.Release|Win32.ActiveCfg = Release|Win32
{DCA7F41E-E95C-4492-865D-503CBF245C57}.Release|Win32.Build.0 = Release|Win32
{DCA7F41E-E95C-4492-865D-503CBF245C57}.Release|x64.ActiveCfg = Release|x64
{DCA7F41E-E95C-4492-865D-503CBF245C57}.Release|x64.Build.0 = Release|x64
{F2D41EE0-3B27-4AB1-9A9C-37B3BAAC2A64}.Debug|Win32.ActiveCfg = Debug|Win32
{F2D41EE0-3B27-4AB1-9A9C-37B3BAAC2A64}.Debug|Win32.Build.0 = Debug|Win32
{F2D41EE0-3B27-4AB1-9A9C-37B3BAAC2A64}.Debug|x64.ActiveCfg = Debug|x64
{F2D41EE0-3B27-4AB1-9A9C-37B3BAAC2A64}.Debug|x64.Build.0 = Debug|x64
{F2D41EE0-3B27-4AB1-9A9C-37B3BAAC2A64}.Release|Win32.ActiveCfg = Release|Win32
{F2D41EE0-3B27-4AB1-9A9C-37B3BAAC2A64}.Release|Win32.Build.0 = Release|Win32
{F2D41EE0-3B27-4AB1-9A9C-37B3BAAC2A64}.Release|x64.ActiveCfg = Release|x64
{F2D41EE0-3B27-4AB1-9A9C-37B3BAAC2A64}.Release|x64.Build.0 = Release|x64
{94B93666-9720-40A4-A98A-730ED5AC4D7D}.Debug|Win32.ActiveCfg = Debug|Win32
{94B93666-9720-40A4-A98A-730ED5AC4D7D}.Debug|Win32.Build.0 = Debug|Win32
{94B93666-9720-40A4-A98A-730ED5AC4D7D}.Debug|x64.ActiveCfg = Debug|x64
{94B93666-9720-40A4-A98A-730ED5AC4D7D}.Debug|x64.Build.0 = Debug|x64
{94B93666-9720-40A4-A98A-730ED5AC4D7D}.Release|Win32.ActiveCfg = Release|Win32
{94B93666-9720-40A4-A98A-730ED5AC4D7D}.Release|Win32.Build.0 = Release|Win32
{94B93666-9720-40A4-A98A-730ED5AC4D7D}.Release|x64.ActiveCfg = Release|x64
{94B93666-9720-40A4-A98A-730ED5AC4D7D}.Release|x64.Build.0 = Release|x64
{C269A7E2-6DAB-43BE-B758-BB76ADEEA35A}.Debug|Win32.ActiveCfg = Debug|Win32
{C269A7E2-6DAB-43BE-B758-BB76ADEEA35A}.Debug|Win32.Build.0 = Debug|Win32
{C269A7E2-6DAB-43BE-B758-BB76ADEEA35A}.Debug|x64.ActiveCfg = Debug|x64
{C269A7E2-6DAB-43BE-B758-BB76ADEEA35A}.Debug|x64.Build.0 = Debug|x64
{C269A7E2-6DAB-43BE-B758-BB76ADEEA35A}.Release|Win32.ActiveCfg = Release|Win32
{C269A7E2-6DAB-43BE-B758-BB76ADEEA35A}.Release|Win32.Build.0 = Release|Win32
{C269A7E2-6DAB-43BE-B758-BB76ADEEA35A}.Release|x64.ActiveCfg = Release|x64
{C269A7E2-6DAB-43BE-B758-BB76ADEEA35A}.Release|x64.Build.0 = Release|x64
{313AFF41-96D9-4706-8381-E0345F7D1495}.Debug|Win32.ActiveCfg = Debug|Win32
{313AFF41-96D9-4706-8381-E0345F7D1495}.Debug|Win32.Build.0 = Debug|Win32
{313AFF41-96D9-4706-8381-E0345F7D1495}.Debug|x64.ActiveCfg = Debug|x64
{313AFF41-96D9-4706-8381-E0345F7D1495}.Debug|x64.Build.0 = Debug|x64
{313AFF41-96D9-4706-8381-E0345F7D1495}.Release|Win32.ActiveCfg = Release|Win32
{313AFF41-96D9-4706-8381-E0345F7D1495}.Release|Win32.Build.0 = Release|Win32
{313AFF41-96D9-4706-8381-E0345F7D1495}.Release|x64.ActiveCfg = Release|x64
{313AFF41-96D9-4706-8381-E0345F7D1495}.Release|x64.Build.0 = Release|x64
{24BE26D8-47E2-4825-9E96-658ADF6CC344}.Debug|Win32.ActiveCfg = Debug|Win32
{24BE26D8-47E2-4825-9E96-658ADF6CC344}.Debug|Win32.Build.0 = Debug|Win32
{24BE26D8-47E2-4825-9E96-658ADF6CC344}.Debug|x64.ActiveCfg = Debug|x64
{24BE26D8-47E2-4825-9E96-658ADF6CC344}.Debug|x64.Build.0 = Debug|x64
{24BE26D8-47E2-4825-9E96-658ADF6CC344}.Release|Win32.ActiveCfg = Release|Win32
{24BE26D8-47E2-4825-9E96-658ADF6CC344}.Release|Win32.Build.0 = Release|Win32
{24BE26D8-47E2-4825-9E96-658ADF6CC344}.Release|x64.ActiveCfg = Release|x64
{24BE26D8-47E2-4825-9E96-658ADF6CC344}.Release|x64.Build.0 = Release|x64
{118E6688-AE4C-4034-8A72-C72F9803C844}.Debug|Win32.ActiveCfg = Debug|Win32
{118E6688-AE4C-4034-8A72-C72F9803C844}.Debug|Win32.Build.0 = Debug|Win32
{118E6688-AE4C-4034-8A72-C72F9803C844}.Debug|x64.ActiveCfg = Debug|x64
{118E6688-AE4C-4034-8A72-C72F9803C844}.Debug|x64.Build.0 = Debug|x64
{118E6688-AE4C-4034-8A72-C72F9803C844}.Release|Win32.ActiveCfg = Release|Win32
{118E6688-AE4C-4034-8A72-C72F9803C844}.Release|Win32.Build.0 = Release|Win32
{118E6688-AE4C-4034-8A72-C72F9803C844}.Release|x64.ActiveCfg = Release|x64
{118E6688-AE4C-4034-8A72-C72F9803C844}.Release|x64.Build.0 = Release|x64
{23357544-8819-4779-82A6-D3811EE6A914}.Debug|Win32.ActiveCfg = Debug|Win32
{23357544-8819-4779-82A6-D3811EE6A914}.Debug|Win32.Build.0 = Debug|Win32
{23357544-8819-4779-82A6-D3811EE6A914}.Debug|x64.ActiveCfg = Debug|x64
{23357544-8819-4779-82A6-D3811EE6A914}.Debug|x64.Build.0 = Debug|x64
{23357544-8819-4779-82A6-D3811EE6A914}.Release|Win32.ActiveCfg = Release|Win32
{23357544-8819-4779-82A6-D3811EE6A914}.Release|Win32.Build.0 = Release|Win32
{23357544-8819-4779-82A6-D3811EE6A914}.Release|x64.ActiveCfg = Release|x64
{23357544-8819-4779-82A6-D3811EE6A914}.Release|x64.Build.0 = Release|x64
{B7AD2EFE-9A1B-42B0-A167-AE52E8EC6611}.Debug|Win32.ActiveCfg = Debug|Win32
{B7AD2EFE-9A1B-42B0-A167-AE52E8EC6611}.Debug|Win32.Build.0 = Debug|Win32
{B7AD2EFE-9A1B-42B0-A167-AE52E8EC6611}.Debug|x64.ActiveCfg = Debug|x64
{B7AD2EFE-9A1B-42B0-A167-AE52E8EC6611}.Debug|x64.Build.0 = Debug|x64
{B7AD2EFE-9A1B-42B0-A167-AE52E8EC6611}.Release|Win32.ActiveCfg = Release|Win32
{B7AD2EFE-9A1B-42B0-A167-AE52E8EC6611}.Release|Win32.Build.0 = Release|Win32
{B7AD2EFE-9A1B-42B0-A167-AE52E8EC6611}.Release|x64.ActiveCfg = Release|x64
{B7AD2EFE-9A1B-42B0-A167-AE52E8EC6611}.Release|x64.Build.0 = Release|x64
{4C160CF9-0CFE-4673-80B2-0D60E650005C}.Debug|Win32.ActiveCfg = Debug|Win32
{4C160CF9-0CFE-4673-80B2-0D60E650005C}.Debug|Win32.Build.0 = Debug|Win32
{4C160CF9-0CFE-4673-80B2-0D60E650005C}.Debug|x64.ActiveCfg = Debug|x64
{4C160CF9-0CFE-4673-80B2-0D60E650005C}.Debug|x64.Build.0 = Debug|x64
{4C160CF9-0CFE-4673-80B2-0D60E650005C}.Release|Win32.ActiveCfg = Release|Win32
{4C160CF9-0CFE-4673-80B2-0D60E650005C}.Release|Win32.Build.0 = Release|Win32
{4C160CF9-0CFE-4673-80B2-0D60E650005C}.Release|x64.ActiveCfg = Release|x64
{4C160CF9-0CFE-4673-80B2-0D60E650005C}.Release|x64.Build.0 = Release|x64
EndGlobalSection

      GlobalSection(SolutionProperties) = preSolution
        HideSolutionNode = FALSE
      EndGlobalSection
    EndGlobal
